# @generated - this file is auto-generated by `mise lock` https://mise.jdx.dev/dev-tools/mise-lock.html

[[tools."aqua:mozilla/sccache"]]
version = "0.16.0"
backend = "aqua:mozilla/sccache"

[tools."aqua:mozilla/sccache"."platforms.linux-x64"]
checksum = "sha256:aec995a83ad3dff3d14b6314e08858b7b73d35ca85a5bcf3d3a9ec07dee35588"
url = "https://github.com/mozilla/sccache/releases/download/v0.16.0/sccache-v0.16.0-x86_64-unknown-linux-musl.tar.gz"
url_api = "https://api.github.com/repos/mozilla/sccache/releases/assets/452060682"

[tools."aqua:mozilla/sccache"."platforms.macos-arm64"]
checksum = "sha256:ded590cae2c72042c61178632906bef62d635fa20d45f8b22110a2241f430960"
url = "https://github.com/mozilla/sccache/releases/download/v0.16.0/sccache-v0.16.0-aarch64-apple-darwin.tar.gz"
url_api = "https://api.github.com/repos/mozilla/sccache/releases/assets/452060416"

[[tools."aqua:nextest-rs/nextest/cargo-nextest"]]
version = "0.9.140"
backend = "aqua:nextest-rs/nextest/cargo-nextest"

[tools."aqua:nextest-rs/nextest/cargo-nextest"."platforms.linux-x64"]
checksum = "sha256:bc2a998567816eef7b087b920036f49fb89aa2a8a603f6a3d84098be160b62c5"
url = "https://github.com/nextest-rs/nextest/releases/download/cargo-nextest-0.9.140/cargo-nextest-0.9.140-x86_64-unknown-linux-musl.tar.gz"
url_api = "https://api.github.com/repos/nextest-rs/nextest/releases/assets/467467089"

[tools."aqua:nextest-rs/nextest/cargo-nextest"."platforms.macos-arm64"]
checksum = "sha256:58e0a722f9444078fab447783f322acf15a2a771ba785b3fbbe8bacda31c3df9"
url = "https://github.com/nextest-rs/nextest/releases/download/cargo-nextest-0.9.140/cargo-nextest-0.9.140-universal-apple-darwin.tar.gz"
url_api = "https://api.github.com/repos/nextest-rs/nextest/releases/assets/467468113"

[[tools.ripgrep]]
version = "15.1.0"
backend = "aqua:BurntSushi/ripgrep"

[tools.ripgrep."platforms.linux-x64"]
checksum = "sha256:1c9297be4a084eea7ecaedf93eb03d058d6faae29bbc57ecdaf5063921491599"
url = "https://github.com/BurntSushi/ripgrep/releases/download/15.1.0/ripgrep-15.1.0-x86_64-unknown-linux-musl.tar.gz"
url_api = "https://api.github.com/repos/BurntSushi/ripgrep/releases/assets/307306614"

[tools.ripgrep."platforms.macos-arm64"]
checksum = "sha256:378e973289176ca0c6054054ee7f631a065874a352bf43f0fa60ef079b6ba715"
url = "https://github.com/BurntSushi/ripgrep/releases/download/15.1.0/ripgrep-15.1.0-aarch64-apple-darwin.tar.gz"
url_api = "https://api.github.com/repos/BurntSushi/ripgrep/releases/assets/307305438"

[[tools.rust]]
version = "nightly-2026-05-19"
backend = "core:rust"

[[tools.shellcheck]]
version = "0.11.0"
backend = "aqua:koalaman/shellcheck"

[tools.shellcheck."platforms.linux-x64"]
checksum = "sha256:8c3be12b05d5c177a04c29e3c78ce89ac86f1595681cab149b65b97c4e227198"
url = "https://github.com/koalaman/shellcheck/releases/download/v0.11.0/shellcheck-v0.11.0.linux.x86_64.tar.xz"
url_api = "https://api.github.com/repos/koalaman/shellcheck/releases/assets/279056942"

[tools.shellcheck."platforms.macos-arm64"]
checksum = "sha256:56affdd8de5527894dca6dc3d7e0a99a873b0f004d7aabc30ae407d3f48b0a79"
url = "https://github.com/koalaman/shellcheck/releases/download/v0.11.0/shellcheck-v0.11.0.darwin.aarch64.tar.xz"
url_api = "https://api.github.com/repos/koalaman/shellcheck/releases/assets/279056932"

[[tools.tuist]]
version = "4.195.0"
backend = "aqua:tuist/tuist"

[tools.tuist."platforms.linux-x64"]
checksum = "sha256:294f82ee689e3a0e13b386b928a1ade3041358f5bda609b390080c4c917c64de"
url = "https://github.com/tuist/tuist/releases/download/4.195.0/tuist-linux-x86_64.tar.gz"
url_api = "https://api.github.com/repos/tuist/tuist/releases/assets/423070317"

[tools.tuist."platforms.macos-arm64"]
checksum = "sha256:773a4de6b242b182c4a908024f92bf516270dcc26b3d0d1cc661ade242bd7c24"
url = "https://github.com/tuist/tuist/releases/download/4.195.0/tuist.zip"
url_api = "https://api.github.com/repos/tuist/tuist/releases/assets/423070322"

[[tools.xcbeautify]]
version = "3.2.1"
backend = "aqua:cpisciotta/xcbeautify"

[tools.xcbeautify."platforms.linux-x64"]
checksum = "sha256:5302e480b01910fcda9071fcc5a64f0a7fce904965834a1e9ed065bc9638bfe9"
url = "https://github.com/cpisciotta/xcbeautify/releases/download/3.2.1/xcbeautify-3.2.1-x86_64-unknown-linux-gnu.tar.xz"
url_api = "https://api.github.com/repos/cpisciotta/xcbeautify/releases/assets/388373840"

[tools.xcbeautify."platforms.macos-arm64"]
checksum = "sha256:ed32972e41bc3aa19588f8b0f4a0209ef70c663ad60bbf4ad84a2de73355d637"
url = "https://github.com/cpisciotta/xcbeautify/releases/download/3.2.1/xcbeautify-3.2.1-arm64-apple-macosx.zip"
url_api = "https://api.github.com/repos/cpisciotta/xcbeautify/releases/assets/388376615"
