// !$*UTF8*$!
{
	archiveVersion = 1;
	classes = {
	};
	objectVersion = 77;
	objects = {

/* Begin PBXBuildFile section */
		005047B7BD1E9459000EAF4C /* HarnessTheme.swift in Sources */ = {isa = PBXBuildFile; fileRef = ACDEFEB6A14B32143E436643 /* HarnessTheme.swift */; };
		03178A0A7A720414E6D88DBB /* HarnessAccessibility.swift in Sources */ = {isa = PBXBuildFile; fileRef = 25E4352CA7C16E3C644348CB /* HarnessAccessibility.swift */; };
		0718BB17309F76DD75F5A717 /* SidebarView.swift in Sources */ = {isa = PBXBuildFile; fileRef = 7AD9E7386C4C61747C1EC3B3 /* SidebarView.swift */; };
		07A210699600156DE03C98F4 /* HarnessColumnScrollView.swift in Sources */ = {isa = PBXBuildFile; fileRef = 037CA58B47266F2DDAC6F2AB /* HarnessColumnScrollView.swift */; };
		09727B95A46CA6667C21161D /* DaemonStatusCard.swift in Sources */ = {isa = PBXBuildFile; fileRef = F4FFB9D6E2B1A61A65341DEF /* DaemonStatusCard.swift */; };
		0B98023240CC053545C1640A /* HarnessApp.swift in Sources */ = {isa = PBXBuildFile; fileRef = B28345325F1C37AC897A9E7C /* HarnessApp.swift */; };
		0C1497A810190588E60ADB8B /* InspectorSupportViews.swift in Sources */ = {isa = PBXBuildFile; fileRef = 72836BCB115319002391E32E /* InspectorSupportViews.swift */; };
		0CC5EE84810ED05A55BD2663 /* SidebarSessionList.swift in Sources */ = {isa = PBXBuildFile; fileRef = 74B7689F9A126003B047298C /* SidebarSessionList.swift */; };
		112FBF07FD02576918E77D38 /* PreferencesView.swift in Sources */ = {isa = PBXBuildFile; fileRef = 8E45E153F8123DBBE607C2BB /* PreferencesView.swift */; };
		1376C0A34004F8FB101BDD21 /* HarnessAPIClient.swift in Sources */ = {isa = PBXBuildFile; fileRef = 7FF5099416E2313EA7FA9996 /* HarnessAPIClient.swift */; };
		1481270B0B784B20B8071E8A /* PreviewFixtures.swift in Sources */ = {isa = PBXBuildFile; fileRef = 69418E1189319E7111C26B6A /* PreviewFixtures.swift */; };
		15A4FF137E94F2ED0057E616 /* HarnessStoreTests.swift in Sources */ = {isa = PBXBuildFile; fileRef = 716F4C5B3E48B239E096F728 /* HarnessStoreTests.swift */; };
		17133077F1DD805C568E8010 /* ContentView.swift in Sources */ = {isa = PBXBuildFile; fileRef = A928853A647AF778A4D217A8 /* ContentView.swift */; };
		185E45BB0370E26B68099F4A /* HarnessFormatters.swift in Sources */ = {isa = PBXBuildFile; fileRef = 0067CE6912ACF4B153167855 /* HarnessFormatters.swift */; };
		1D0180EAD809DEB76162F9A0 /* RecordingHarnessClient+Mutations.swift in Sources */ = {isa = PBXBuildFile; fileRef = 870C8D83BB16C499524663A0 /* RecordingHarnessClient+Mutations.swift */; };
		1D25EED93C6289D1BFE2341E /* HarnessPaths.swift in Sources */ = {isa = PBXBuildFile; fileRef = 919D22F077EA7CF943F5470E /* HarnessPaths.swift */; };
		1D563E0F8D4855044BCE8EE3 /* HarnessActionTestSupport.swift in Sources */ = {isa = PBXBuildFile; fileRef = 741F546364BFFE721C02E7A1 /* HarnessActionTestSupport.swift */; };
		1D6A07580D25F8603394DCB4 /* Assets.xcassets in Resources */ = {isa = PBXBuildFile; fileRef = 8680C2C216DF42B2A1A31307 /* Assets.xcassets */; };
		1DF6EEEFF04023211E167FE2 /* HarnessStoreInspectorTests.swift in Sources */ = {isa = PBXBuildFile; fileRef = 42644DD649B4B7E98BD9CDF5 /* HarnessStoreInspectorTests.swift */; };
		1E914153D0842393D23A209E /* ContentView.swift in Sources */ = {isa = PBXBuildFile; fileRef = A928853A647AF778A4D217A8 /* ContentView.swift */; };
		21AFE0BC2DD14F1A4503EC71 /* HarnessPixelAnalysis.swift in Sources */ = {isa = PBXBuildFile; fileRef = 84EE7B0AA68201D0322A3871 /* HarnessPixelAnalysis.swift */; };
		223914E62E4E2399C6902E9D /* HarnessNavigationUITests.swift in Sources */ = {isa = PBXBuildFile; fileRef = FB55092F5E9979C33573B969 /* HarnessNavigationUITests.swift */; };
		258DDE4D5A93525EB41F8C92 /* SessionCockpitSections.swift in Sources */ = {isa = PBXBuildFile; fileRef = 4C893C07CBC03D03E74C7AAC /* SessionCockpitSections.swift */; };
		25FB667F7F1C311264D91139 /* SidebarSessionRow.swift in Sources */ = {isa = PBXBuildFile; fileRef = 2F5A5307075662697821D56A /* SidebarSessionRow.swift */; };
		27341DCA49AB8CE6B1022A9A /* PreferencesRecentEventsCard.swift in Sources */ = {isa = PBXBuildFile; fileRef = D88530D0BE973FFED62BE662 /* PreferencesRecentEventsCard.swift */; };
		27ACFA8C77FDFA04E1669D90 /* WebSocketTransport.swift in Sources */ = {isa = PBXBuildFile; fileRef = 8A86CF4E176E9E2EE606F594 /* WebSocketTransport.swift */; };
		2B9D0F76A1C4A530C068BB91 /* PreferencesView.swift in Sources */ = {isa = PBXBuildFile; fileRef = 8E45E153F8123DBBE607C2BB /* PreferencesView.swift */; };
		2CF8F81DAB2CA61C14AC5D9A /* HarnessStore+ConnectionTelemetry.swift in Sources */ = {isa = PBXBuildFile; fileRef = DAB9165164CB817373A8A141 /* HarnessStore+ConnectionTelemetry.swift */; };
		2D285C7BC4027C9C940F3902 /* HarnessKit.framework in Embed Frameworks */ = {isa = PBXBuildFile; fileRef = 4374719F8DCC16C95C5B2E2E /* HarnessKit.framework */; settings = {ATTRIBUTES = (CodeSignOnCopy, RemoveHeadersOnCopy, ); }; };
		2D530BEF1D122EE64826E47F /* PersistenceIntegrationTests.swift in Sources */ = {isa = PBXBuildFile; fileRef = E24C47B941FF4D85E826D90A /* PersistenceIntegrationTests.swift */; };
		2EAAFC19DD7C3B4FB20FEE6B /* HarnessKit.framework in Frameworks */ = {isa = PBXBuildFile; fileRef = 4374719F8DCC16C95C5B2E2E /* HarnessKit.framework */; };
		2F0A241266DB2A7F50F22EFE /* ContentSessionSurface.swift in Sources */ = {isa = PBXBuildFile; fileRef = F110E55B97B9183E6AF90F59 /* ContentSessionSurface.swift */; };
		2F27BD8B2B3268781DFCD85A /* HarnessStore+Actions.swift in Sources */ = {isa = PBXBuildFile; fileRef = B031D618E459C9C3A3102382 /* HarnessStore+Actions.swift */; };
		3306ACB9F2088B21EF0AD843 /* CachedModelsTests.swift in Sources */ = {isa = PBXBuildFile; fileRef = 04027AC283E664B98932551F /* CachedModelsTests.swift */; };
		3854DC755AE843CBF2E92EAE /* HarnessStore.swift in Sources */ = {isa = PBXBuildFile; fileRef = 70C79D72EA5AB7EA5EEC94DD /* HarnessStore.swift */; };
		38D6668C2A474095F2439AE7 /* HarnessStoreActionTests.swift in Sources */ = {isa = PBXBuildFile; fileRef = 38486867A857A11AAE481A27 /* HarnessStoreActionTests.swift */; };
		39B6230C6A72A8650F02456A /* SessionCockpitHeaderCard.swift in Sources */ = {isa = PBXBuildFile; fileRef = BC99D6A2720C13E1EFED711B /* SessionCockpitHeaderCard.swift */; };
		39EDA980C40836D7ECDBD627 /* HarnessLaunchMode.swift in Sources */ = {isa = PBXBuildFile; fileRef = 2705DBA188F215A85B978C82 /* HarnessLaunchMode.swift */; };
		3D372FF052C0C644512CFA4E /* ConnectionModels.swift in Sources */ = {isa = PBXBuildFile; fileRef = 3CA1BB33EF78DF81C534CA2D /* ConnectionModels.swift */; };
		3D5EEAD1AABE2803FEBEB0DD /* HarnessAppStoreFactory.swift in Sources */ = {isa = PBXBuildFile; fileRef = 545F62822966454541A69C2E /* HarnessAppStoreFactory.swift */; };
		40845ECF0329E9F0C07756B4 /* PreferencesConnectionCard.swift in Sources */ = {isa = PBXBuildFile; fileRef = 8CD18C0829A58E01027D4CD7 /* PreferencesConnectionCard.swift */; };
		4362461DC473AC5390626456 /* RecordingHarnessClient+Base.swift in Sources */ = {isa = PBXBuildFile; fileRef = 3A12FD010F2298DEC9D4C16B /* RecordingHarnessClient+Base.swift */; };
		43D8BFD848F4574C62F1781E /* ObserverSummaryTests.swift in Sources */ = {isa = PBXBuildFile; fileRef = 6A3B410E043E5A4DD15ABAB3 /* ObserverSummaryTests.swift */; };
		44977926ACB558E5421FAC4D /* WebSocketProtocol.swift in Sources */ = {isa = PBXBuildFile; fileRef = 2F8F233D8A2877105C88C050 /* WebSocketProtocol.swift */; };
		4600D29FFE4ED79D48BD5320 /* HarnessApp.swift in Sources */ = {isa = PBXBuildFile; fileRef = B28345325F1C37AC897A9E7C /* HarnessApp.swift */; };
		489A905428F8D45224F9AFED /* HarnessStoreNavigationTests.swift in Sources */ = {isa = PBXBuildFile; fileRef = 6B27C51116FA17FE08575C93 /* HarnessStoreNavigationTests.swift */; };
		4A09C3CD2DC4B6B6F288AD81 /* HarnessStore+Persistence.swift in Sources */ = {isa = PBXBuildFile; fileRef = 97D5BE902F74FC91E22108BE /* HarnessStore+Persistence.swift */; };
		4C2C4F2A9D0FA5B48B585E7E /* SessionsBoardView.swift in Sources */ = {isa = PBXBuildFile; fileRef = 631C9B665A8D2CB19CA8748C /* SessionsBoardView.swift */; };
		4D6952BDAAD0CFAA4369CC8D /* SessionActionDock.swift in Sources */ = {isa = PBXBuildFile; fileRef = CA2AD797BA99C7BBA1C9D716 /* SessionActionDock.swift */; };
		5247DE066AC9E99FB581BC81 /* HarnessPathsTests.swift in Sources */ = {isa = PBXBuildFile; fileRef = 1D5E5B986B65E5C6DC56C27F /* HarnessPathsTests.swift */; };
		53BCC42AF9337B12AE3768B8 /* HarnessSpinner.swift in Sources */ = {isa = PBXBuildFile; fileRef = 5F996D0BCEF67740B1357E10 /* HarnessSpinner.swift */; };
		54516B232D13DF3D423F0409 /* PreferencesSections.swift in Sources */ = {isa = PBXBuildFile; fileRef = 4CFFC73ABA5AFF6864BEAA40 /* PreferencesSections.swift */; };
		566C78A3166EE30E156B1AD1 /* HarnessStoreConfirmationTests.swift in Sources */ = {isa = PBXBuildFile; fileRef = 494277EA52BAE78D8CB571E1 /* HarnessStoreConfirmationTests.swift */; };
		599CB34EAA0F1FB387EDCB2D /* SessionActionDock.swift in Sources */ = {isa = PBXBuildFile; fileRef = CA2AD797BA99C7BBA1C9D716 /* SessionActionDock.swift */; };
		5A95F6445A450E0972902F85 /* SessionCockpitActivitySections.swift in Sources */ = {isa = PBXBuildFile; fileRef = CCDE7B6C154033AF1CF627DC /* SessionCockpitActivitySections.swift */; };
		5AD9595B273754DB01087A99 /* HarnessToolbarUITests.swift in Sources */ = {isa = PBXBuildFile; fileRef = 89AF1C6F12AE7BC56410499B /* HarnessToolbarUITests.swift */; };
		5CAAE4E7F5D74F1504C3917A /* HarnessFormatters.swift in Sources */ = {isa = PBXBuildFile; fileRef = 0067CE6912ACF4B153167855 /* HarnessFormatters.swift */; };
		5F34A58BCE9660203B691112 /* HarnessLayoutUITests.swift in Sources */ = {isa = PBXBuildFile; fileRef = A309E37EF93D4AD1E6886205 /* HarnessLayoutUITests.swift */; };
		604DFD62A0A312ED14F9D58E /* CachedModels.swift in Sources */ = {isa = PBXBuildFile; fileRef = 3F9B56738BF7406983B61F04 /* CachedModels.swift */; };
		60887CA6083751961088C619 /* WebSocketTransportInternal.swift in Sources */ = {isa = PBXBuildFile; fileRef = F61F42B1737B0D9A86E6E1FC /* WebSocketTransportInternal.swift */; };
		6184A77CA26B12B0952A32D6 /* InspectorActionSections.swift in Sources */ = {isa = PBXBuildFile; fileRef = 836776F87F6CAA6F17CDCCEE /* InspectorActionSections.swift */; };
		639F858BA40F8E71A64B98C2 /* HarnessGlass.swift in Sources */ = {isa = PBXBuildFile; fileRef = 44369853FA442981E0F2DE9A /* HarnessGlass.swift */; };
		649E70DF7E595939707ABB17 /* PreferencesSidebar.swift in Sources */ = {isa = PBXBuildFile; fileRef = 2C8C0154D4D72E006102BE21 /* PreferencesSidebar.swift */; };
		65D484342884C54117C07DF8 /* HarnessSessionModels.swift in Sources */ = {isa = PBXBuildFile; fileRef = 2EBDE3CA858E889BEDB0DC56 /* HarnessSessionModels.swift */; };
		66554A5B01A936B51D6C20A0 /* HarnessModelContainer.swift in Sources */ = {isa = PBXBuildFile; fileRef = 99448AA1DC4783EE686FFDBE /* HarnessModelContainer.swift */; };
		665C601CC61391B4388AF2BE /* HarnessStoreLifecycleTests.swift in Sources */ = {isa = PBXBuildFile; fileRef = 46DC0338E455A98A1851BD61 /* HarnessStoreLifecycleTests.swift */; };
		6722EEACEE4F9B835208A4E6 /* SessionCockpitView.swift in Sources */ = {isa = PBXBuildFile; fileRef = BF77DABC57AE717CEA851E09 /* SessionCockpitView.swift */; };
		68BDDCACAF39E5ABF18D6D0A /* PreviewServices.swift in Sources */ = {isa = PBXBuildFile; fileRef = 649E0E0917E414FA3334A87B /* PreviewServices.swift */; };
		6907FA1DF34481FBE9D7B06B /* HarnessGlass.swift in Sources */ = {isa = PBXBuildFile; fileRef = 44369853FA442981E0F2DE9A /* HarnessGlass.swift */; };
		6F27618DDCA3C16588C620DA /* SessionsBoardView.swift in Sources */ = {isa = PBXBuildFile; fileRef = 631C9B665A8D2CB19CA8748C /* SessionsBoardView.swift */; };
		70F7E8D235D811E7941AF8BE /* HarnessWrapLayout.swift in Sources */ = {isa = PBXBuildFile; fileRef = E90C65B82956326E40FD0C97 /* HarnessWrapLayout.swift */; };
		718D10EEDC89D2779F07DEBF /* HarnessSignalModels.swift in Sources */ = {isa = PBXBuildFile; fileRef = 59A49785475755F12ED46937 /* HarnessSignalModels.swift */; };
		763C3706AAE6D0F23C69CF35 /* HarnessUITestAssertions.swift in Sources */ = {isa = PBXBuildFile; fileRef = C4246654FB506DFC2878921C /* HarnessUITestAssertions.swift */; };
		76BF35766382C4CEA2BCF882 /* DaemonModels.swift in Sources */ = {isa = PBXBuildFile; fileRef = B744DFF0B52DD0B781934EB4 /* DaemonModels.swift */; };
		79A5C12DB2CC3BD6D4DE4171 /* HarnessUITestSupport.swift in Sources */ = {isa = PBXBuildFile; fileRef = CA807E80E1B7F428A2C01D14 /* HarnessUITestSupport.swift */; };
		7B8530811B5FF5A4FC63D1A2 /* HarnessStoreFilteringTests.swift in Sources */ = {isa = PBXBuildFile; fileRef = A2BB5D00EACA37A00FF55A34 /* HarnessStoreFilteringTests.swift */; };
		84C976D060ED31EDCD0F86CA /* HarnessKit.framework in Frameworks */ = {isa = PBXBuildFile; fileRef = 4374719F8DCC16C95C5B2E2E /* HarnessKit.framework */; };
		8731493D220DA219BF45DEDF /* WebSocketProtocolTests.swift in Sources */ = {isa = PBXBuildFile; fileRef = 28B7A538D1E254D4CA1B750A /* WebSocketProtocolTests.swift */; };
		952B77F0949ABA3067BBC8DD /* DaemonStatusCard.swift in Sources */ = {isa = PBXBuildFile; fileRef = F4FFB9D6E2B1A61A65341DEF /* DaemonStatusCard.swift */; };
		95C6608755E2A3781104213B /* HarnessStoreSelectionTests.swift in Sources */ = {isa = PBXBuildFile; fileRef = 316509CF0D8EF69C2ABE6C90 /* HarnessStoreSelectionTests.swift */; };
		9886DAEC397CC7C60D23BF73 /* HarnessTheme.swift in Sources */ = {isa = PBXBuildFile; fileRef = ACDEFEB6A14B32143E436643 /* HarnessTheme.swift */; };
		98BEF0FA67ECED7B93BC1549 /* SessionsBoardOnboardingCard.swift in Sources */ = {isa = PBXBuildFile; fileRef = 9998D7E02B6815476BFC4623 /* SessionsBoardOnboardingCard.swift */; };
		98EB77BDCBBDAB421F8A76B8 /* PreferencesSections.swift in Sources */ = {isa = PBXBuildFile; fileRef = 4CFFC73ABA5AFF6864BEAA40 /* PreferencesSections.swift */; };
		9A15DF816304AB227F7D9D4A /* SidebarSessionRow.swift in Sources */ = {isa = PBXBuildFile; fileRef = 2F5A5307075662697821D56A /* SidebarSessionRow.swift */; };
		9AE72B23AA033ABFD66DB014 /* ConnectionViews.swift in Sources */ = {isa = PBXBuildFile; fileRef = A3DFA9160004A175AACFC8E3 /* ConnectionViews.swift */; };
		9BCFFE0CB66E941F66B9362D /* HarnessUITestAccessibility.swift in Sources */ = {isa = PBXBuildFile; fileRef = A11BF8681FC8D89A9FB2A628 /* HarnessUITestAccessibility.swift */; };
		9D41078F1F0BD23D22694EA1 /* HarnessTextSize.swift in Sources */ = {isa = PBXBuildFile; fileRef = 4844727CB1069182DD494D74 /* HarnessTextSize.swift */; };
		9E49B1E18060D96897B98FAC /* HarnessKit.framework in Embed Frameworks */ = {isa = PBXBuildFile; fileRef = 4374719F8DCC16C95C5B2E2E /* HarnessKit.framework */; settings = {ATTRIBUTES = (CodeSignOnCopy, RemoveHeadersOnCopy, ); }; };
		A5626778D3BB15F0FBEE02E6 /* HarnessAccessibility.swift in Sources */ = {isa = PBXBuildFile; fileRef = 25E4352CA7C16E3C644348CB /* HarnessAccessibility.swift */; };
		A7BDF0FB21A849025A8B30D3 /* HarnessTextSize.swift in Sources */ = {isa = PBXBuildFile; fileRef = 4844727CB1069182DD494D74 /* HarnessTextSize.swift */; };
		A861371D0A168EDC90453A53 /* InspectorColumnView.swift in Sources */ = {isa = PBXBuildFile; fileRef = CB1BDE814259DE0C1875CE23 /* InspectorColumnView.swift */; };
		A9C04B1F10D3DEA841604AA3 /* HarnessColumnScrollView.swift in Sources */ = {isa = PBXBuildFile; fileRef = 037CA58B47266F2DDAC6F2AB /* HarnessColumnScrollView.swift */; };
		AB5BEE5574C93AF1DDDC4C6E /* HarnessKit.framework in Frameworks */ = {isa = PBXBuildFile; fileRef = 4374719F8DCC16C95C5B2E2E /* HarnessKit.framework */; };
		AF8BA7822544491D76F1644E /* SessionsBoardOnboardingCard.swift in Sources */ = {isa = PBXBuildFile; fileRef = 9998D7E02B6815476BFC4623 /* SessionsBoardOnboardingCard.swift */; };
		B4C35EAFDF6F81F62DF7226D /* HarnessRequests.swift in Sources */ = {isa = PBXBuildFile; fileRef = 6D485A89FA04846FAD1BC0AC /* HarnessRequests.swift */; };
		B808CF2FC8DCA63E3D8243F4 /* HarnessGlassContrastUITests.swift in Sources */ = {isa = PBXBuildFile; fileRef = 33777903FC6DD23DB9C9A8AD /* HarnessGlassContrastUITests.swift */; };
		B95B5D25341719AC772D782B /* DaemonController.swift in Sources */ = {isa = PBXBuildFile; fileRef = 46BE1211445D10F89FB9C1A6 /* DaemonController.swift */; };
		B9A66ADE9B75D40E1C0AF592 /* SessionsBoardRecentSessionsSection.swift in Sources */ = {isa = PBXBuildFile; fileRef = AEA42BE2636FC97FC00738F6 /* SessionsBoardRecentSessionsSection.swift */; };
		BA99CEBC3D216F0F98585164 /* ConnectionModelsTests.swift in Sources */ = {isa = PBXBuildFile; fileRef = D3C170B54985778D0FC29612 /* ConnectionModelsTests.swift */; };
		C1DDDDEE1095F979B7F4CA3F /* HarnessLaunchModeTests.swift in Sources */ = {isa = PBXBuildFile; fileRef = 084125DFBAC988E0391BC89D /* HarnessLaunchModeTests.swift */; };
		C30FEE5DF05BD3E48C55AE8B /* SessionCockpitView.swift in Sources */ = {isa = PBXBuildFile; fileRef = BF77DABC57AE717CEA851E09 /* SessionCockpitView.swift */; };
		C771C34FEC8A549070893126 /* PreferencesRecentEventsCard.swift in Sources */ = {isa = PBXBuildFile; fileRef = D88530D0BE973FFED62BE662 /* PreferencesRecentEventsCard.swift */; };
		C78631E8F2D7D066FB5BAA2F /* DaemonModelsTests.swift in Sources */ = {isa = PBXBuildFile; fileRef = 331F53800549FA6925EBBE05 /* DaemonModelsTests.swift */; };
		C9947974D94791F13A20EE1B /* HarnessControls.swift in Sources */ = {isa = PBXBuildFile; fileRef = 59DEB08AB62416965FC6F948 /* HarnessControls.swift */; };
		CAFD82182A986C6A6DFBFFBC /* PreferencesConnectionCard.swift in Sources */ = {isa = PBXBuildFile; fileRef = 8CD18C0829A58E01027D4CD7 /* PreferencesConnectionCard.swift */; };
		CBB2E5D4955CFAAA1C4F65F0 /* InspectorActionSections.swift in Sources */ = {isa = PBXBuildFile; fileRef = 836776F87F6CAA6F17CDCCEE /* InspectorActionSections.swift */; };
		D063E67B02347C3276904A7F /* ModelConversion.swift in Sources */ = {isa = PBXBuildFile; fileRef = 05730B447E14BD87E583121C /* ModelConversion.swift */; };
		D24B8AEB7838528076F6895D /* HarnessStore+Lifecycle.swift in Sources */ = {isa = PBXBuildFile; fileRef = 817EC34201EF1909A68B2329 /* HarnessStore+Lifecycle.swift */; };
		D2AA8BAE0D8F8E788E4DBF4A /* HarnessSchema.swift in Sources */ = {isa = PBXBuildFile; fileRef = 2A140CF1CFA2188EB40C0C66 /* HarnessSchema.swift */; };
		D2DA7A0D8251897ABEA84EBC /* ModelConversion+Detail.swift in Sources */ = {isa = PBXBuildFile; fileRef = 2727208CD882DD44B1B21C56 /* ModelConversion+Detail.swift */; };
		D41BC53FB82A88076DFC082A /* CachedModelsDetailTests.swift in Sources */ = {isa = PBXBuildFile; fileRef = 930BF6794F8793E090B64FA1 /* CachedModelsDetailTests.swift */; };
		D54624F8914906A3465C0E43 /* UserModels.swift in Sources */ = {isa = PBXBuildFile; fileRef = 5CE3E372257E39B356743965 /* UserModels.swift */; };
		D79076D6798B8D0D7B0D34C9 /* HarnessControls.swift in Sources */ = {isa = PBXBuildFile; fileRef = 59DEB08AB62416965FC6F948 /* HarnessControls.swift */; };
		DA644B0E9107BBDFEF33FB39 /* HarnessSpinner.swift in Sources */ = {isa = PBXBuildFile; fileRef = 5F996D0BCEF67740B1357E10 /* HarnessSpinner.swift */; };
		DB84F6EC682E3CEE74D7068B /* HarnessAdaptiveGridLayout.swift in Sources */ = {isa = PBXBuildFile; fileRef = 5D44FD74945DB93AAA68A740 /* HarnessAdaptiveGridLayout.swift */; };
		DBD9512B65640BD4032DC380 /* SidebarSessionList.swift in Sources */ = {isa = PBXBuildFile; fileRef = 74B7689F9A126003B047298C /* SidebarSessionList.swift */; };
		DC19F2707605CBAC6400E0C4 /* HarnessUITests.swift in Sources */ = {isa = PBXBuildFile; fileRef = A62226DF2875BDAF631D1622 /* HarnessUITests.swift */; };
		DCD4C985E34F8C18CE47621C /* ServerSentEventsTests.swift in Sources */ = {isa = PBXBuildFile; fileRef = 0DC35F7DD6E1A28ED82D2E9C /* ServerSentEventsTests.swift */; };
		DD4BB24E06722A387BDC0682 /* SwiftData.framework in Frameworks */ = {isa = PBXBuildFile; fileRef = 97AF81AA23491748D21BE3CE /* SwiftData.framework */; };
		DFB22096E9EC966527136F6C /* HarnessKit.framework in Embed Frameworks */ = {isa = PBXBuildFile; fileRef = 4374719F8DCC16C95C5B2E2E /* HarnessKit.framework */; settings = {ATTRIBUTES = (CodeSignOnCopy, RemoveHeadersOnCopy, ); }; };
		E14D4CA1F2A60B75A3FF491F /* SessionCockpitActivitySections.swift in Sources */ = {isa = PBXBuildFile; fileRef = CCDE7B6C154033AF1CF627DC /* SessionCockpitActivitySections.swift */; };
		E1AE1F634F6EEA61CC0DA765 /* HarnessAdaptiveGridLayout.swift in Sources */ = {isa = PBXBuildFile; fileRef = 5D44FD74945DB93AAA68A740 /* HarnessAdaptiveGridLayout.swift */; };
		E29E5313489EEACC85F636D9 /* PreferencesSidebar.swift in Sources */ = {isa = PBXBuildFile; fileRef = 2C8C0154D4D72E006102BE21 /* PreferencesSidebar.swift */; };
		E5159E39CD5A9D574F4F1725 /* ContentSessionSurface.swift in Sources */ = {isa = PBXBuildFile; fileRef = F110E55B97B9183E6AF90F59 /* ContentSessionSurface.swift */; };
		E5FF8D1D767B4136E53604A7 /* SessionsBoardRecentSessionsSection.swift in Sources */ = {isa = PBXBuildFile; fileRef = AEA42BE2636FC97FC00738F6 /* SessionsBoardRecentSessionsSection.swift */; };
		E7815252100E93A2213A9536 /* SidebarView.swift in Sources */ = {isa = PBXBuildFile; fileRef = 7AD9E7386C4C61747C1EC3B3 /* SidebarView.swift */; };
		E8BA568037765497971C47D4 /* HarnessSidebarLayoutUITests.swift in Sources */ = {isa = PBXBuildFile; fileRef = D65C51E1956B59CB8705876C /* HarnessSidebarLayoutUITests.swift */; };
		E8CC1957C4B774CE1FFE991D /* HarnessStore+UserData.swift in Sources */ = {isa = PBXBuildFile; fileRef = 4170678C7D900A61CCAC35A7 /* HarnessStore+UserData.swift */; };
		E9343C02BED7FB853C524F9F /* Assets.xcassets in Resources */ = {isa = PBXBuildFile; fileRef = 8680C2C216DF42B2A1A31307 /* Assets.xcassets */; };
		E9F1DC61C5B03F8CC0AC90F5 /* SessionCockpitSections.swift in Sources */ = {isa = PBXBuildFile; fileRef = 4C893C07CBC03D03E74C7AAC /* SessionCockpitSections.swift */; };
		EA64BBB0F9ED68ED7E8B5EED /* InspectorDetailViews.swift in Sources */ = {isa = PBXBuildFile; fileRef = 1BD4BDA927E6F219129F0AB8 /* InspectorDetailViews.swift */; };
		EC9B7C0A0D8924D6E46F392A /* ServerSentEvents.swift in Sources */ = {isa = PBXBuildFile; fileRef = 35BB3F2082CFF67A05FA4070 /* ServerSentEvents.swift */; };
		EECE6DC2F93709D73FA68462 /* InspectorColumnView.swift in Sources */ = {isa = PBXBuildFile; fileRef = CB1BDE814259DE0C1875CE23 /* InspectorColumnView.swift */; };
		EF9684BCBD4BD07023A740D5 /* SessionCockpitHeaderCard.swift in Sources */ = {isa = PBXBuildFile; fileRef = BC99D6A2720C13E1EFED711B /* SessionCockpitHeaderCard.swift */; };
		F2A8992A212AEB146D52631C /* HarnessStoreConnectionMetricsTests.swift in Sources */ = {isa = PBXBuildFile; fileRef = 0A8072E340A4641D9BA3DC81 /* HarnessStoreConnectionMetricsTests.swift */; };
		F334751822AD512B64B0668D /* HarnessWrapLayout.swift in Sources */ = {isa = PBXBuildFile; fileRef = E90C65B82956326E40FD0C97 /* HarnessWrapLayout.swift */; };
		F3AEB5554F9954E826E55D81 /* InspectorDetailViews.swift in Sources */ = {isa = PBXBuildFile; fileRef = 1BD4BDA927E6F219129F0AB8 /* InspectorDetailViews.swift */; };
		F40F41C5196FC995FB17AB32 /* HarnessStore+Selection.swift in Sources */ = {isa = PBXBuildFile; fileRef = FD4755A998FF5F9273471465 /* HarnessStore+Selection.swift */; };
		F8A90BD2439DC6A0A972A6F8 /* HarnessStoreTestFixtures.swift in Sources */ = {isa = PBXBuildFile; fileRef = E415E72596CC984D3DFEBCF7 /* HarnessStoreTestFixtures.swift */; };
		F92F4EB58E0A1E63139869B9 /* HarnessAppStoreFactory.swift in Sources */ = {isa = PBXBuildFile; fileRef = 545F62822966454541A69C2E /* HarnessAppStoreFactory.swift */; };
		FA2A0B52A1CEE2D6FDC39AA1 /* InspectorSupportViews.swift in Sources */ = {isa = PBXBuildFile; fileRef = 72836BCB115319002391E32E /* InspectorSupportViews.swift */; };
		FDCD53DE71BFF7CFE59B81B1 /* ConnectionViews.swift in Sources */ = {isa = PBXBuildFile; fileRef = A3DFA9160004A175AACFC8E3 /* ConnectionViews.swift */; };
		FE1619CCC4956DA6AA3C8E36 /* HarnessStore+Filtering.swift in Sources */ = {isa = PBXBuildFile; fileRef = 49B4D2A3E358B6DF50298832 /* HarnessStore+Filtering.swift */; };
		FE1EFCDD81E09E828B37C77B /* PreviewFixtures+Cockpit.swift in Sources */ = {isa = PBXBuildFile; fileRef = 29ECF95BA22D538C14EB06B7 /* PreviewFixtures+Cockpit.swift */; };
/* End PBXBuildFile section */

/* Begin PBXContainerItemProxy section */
		454AE9188C7B792FF0E5DF0E /* PBXContainerItemProxy */ = {
			isa = PBXContainerItemProxy;
			containerPortal = 5CC9C00C15337F4FD51DAB02 /* Project object */;
			proxyType = 1;
			remoteGlobalIDString = 3943D6DDC773D7BF65FA1D52;
			remoteInfo = HarnessKit;
		};
		A77E016B905C15579BBCAD34 /* PBXContainerItemProxy */ = {
			isa = PBXContainerItemProxy;
			containerPortal = 5CC9C00C15337F4FD51DAB02 /* Project object */;
			proxyType = 1;
			remoteGlobalIDString = 6200B2B095EE1E8D12039A65;
			remoteInfo = "AI Harness UI Testing";
		};
		C199B2628005359FD37117BE /* PBXContainerItemProxy */ = {
			isa = PBXContainerItemProxy;
			containerPortal = 5CC9C00C15337F4FD51DAB02 /* Project object */;
			proxyType = 1;
			remoteGlobalIDString = 3943D6DDC773D7BF65FA1D52;
			remoteInfo = HarnessKit;
		};
		CF2BAB420C0A2048A384DC40 /* PBXContainerItemProxy */ = {
			isa = PBXContainerItemProxy;
			containerPortal = 5CC9C00C15337F4FD51DAB02 /* Project object */;
			proxyType = 1;
			remoteGlobalIDString = 3943D6DDC773D7BF65FA1D52;
			remoteInfo = HarnessKit;
		};
/* End PBXContainerItemProxy section */

/* Begin PBXCopyFilesBuildPhase section */
		7B0E6358E41E4F528B80DAF5 /* Embed Frameworks */ = {
			isa = PBXCopyFilesBuildPhase;
			buildActionMask = 2147483647;
			dstPath = "";
			dstSubfolderSpec = 10;
			files = (
				DFB22096E9EC966527136F6C /* HarnessKit.framework in Embed Frameworks */,
			);
			name = "Embed Frameworks";
			runOnlyForDeploymentPostprocessing = 0;
		};
		855D8C3B730D03AEDB1A179B /* Embed Frameworks */ = {
			isa = PBXCopyFilesBuildPhase;
			buildActionMask = 2147483647;
			dstPath = "";
			dstSubfolderSpec = 10;
			files = (
				9E49B1E18060D96897B98FAC /* HarnessKit.framework in Embed Frameworks */,
			);
			name = "Embed Frameworks";
			runOnlyForDeploymentPostprocessing = 0;
		};
		EF4EE9E01C8494804117D705 /* Embed Frameworks */ = {
			isa = PBXCopyFilesBuildPhase;
			buildActionMask = 2147483647;
			dstPath = "";
			dstSubfolderSpec = 10;
			files = (
				2D285C7BC4027C9C940F3902 /* HarnessKit.framework in Embed Frameworks */,
			);
			name = "Embed Frameworks";
			runOnlyForDeploymentPostprocessing = 0;
		};
/* End PBXCopyFilesBuildPhase section */

/* Begin PBXFileReference section */
		0067CE6912ACF4B153167855 /* HarnessFormatters.swift */ = {isa = PBXFileReference; lastKnownFileType = sourcecode.swift; path = HarnessFormatters.swift; sourceTree = "<group>"; };
		037CA58B47266F2DDAC6F2AB /* HarnessColumnScrollView.swift */ = {isa = PBXFileReference; lastKnownFileType = sourcecode.swift; path = HarnessColumnScrollView.swift; sourceTree = "<group>"; };
		04027AC283E664B98932551F /* CachedModelsTests.swift */ = {isa = PBXFileReference; lastKnownFileType = sourcecode.swift; path = CachedModelsTests.swift; sourceTree = "<group>"; };
		05730B447E14BD87E583121C /* ModelConversion.swift */ = {isa = PBXFileReference; lastKnownFileType = sourcecode.swift; path = ModelConversion.swift; sourceTree = "<group>"; };
		084125DFBAC988E0391BC89D /* HarnessLaunchModeTests.swift */ = {isa = PBXFileReference; lastKnownFileType = sourcecode.swift; path = HarnessLaunchModeTests.swift; sourceTree = "<group>"; };
		0A8072E340A4641D9BA3DC81 /* HarnessStoreConnectionMetricsTests.swift */ = {isa = PBXFileReference; lastKnownFileType = sourcecode.swift; path = HarnessStoreConnectionMetricsTests.swift; sourceTree = "<group>"; };
		0DC35F7DD6E1A28ED82D2E9C /* ServerSentEventsTests.swift */ = {isa = PBXFileReference; lastKnownFileType = sourcecode.swift; path = ServerSentEventsTests.swift; sourceTree = "<group>"; };
		1BD4BDA927E6F219129F0AB8 /* InspectorDetailViews.swift */ = {isa = PBXFileReference; lastKnownFileType = sourcecode.swift; path = InspectorDetailViews.swift; sourceTree = "<group>"; };
		1D5E5B986B65E5C6DC56C27F /* HarnessPathsTests.swift */ = {isa = PBXFileReference; lastKnownFileType = sourcecode.swift; path = HarnessPathsTests.swift; sourceTree = "<group>"; };
		25E4352CA7C16E3C644348CB /* HarnessAccessibility.swift */ = {isa = PBXFileReference; lastKnownFileType = sourcecode.swift; path = HarnessAccessibility.swift; sourceTree = "<group>"; };
		2705DBA188F215A85B978C82 /* HarnessLaunchMode.swift */ = {isa = PBXFileReference; lastKnownFileType = sourcecode.swift; path = HarnessLaunchMode.swift; sourceTree = "<group>"; };
		2727208CD882DD44B1B21C56 /* ModelConversion+Detail.swift */ = {isa = PBXFileReference; lastKnownFileType = sourcecode.swift; path = "ModelConversion+Detail.swift"; sourceTree = "<group>"; };
		28B7A538D1E254D4CA1B750A /* WebSocketProtocolTests.swift */ = {isa = PBXFileReference; lastKnownFileType = sourcecode.swift; path = WebSocketProtocolTests.swift; sourceTree = "<group>"; };
		29ECF95BA22D538C14EB06B7 /* PreviewFixtures+Cockpit.swift */ = {isa = PBXFileReference; lastKnownFileType = sourcecode.swift; path = "PreviewFixtures+Cockpit.swift"; sourceTree = "<group>"; };
		2A140CF1CFA2188EB40C0C66 /* HarnessSchema.swift */ = {isa = PBXFileReference; lastKnownFileType = sourcecode.swift; path = HarnessSchema.swift; sourceTree = "<group>"; };
		2C8C0154D4D72E006102BE21 /* PreferencesSidebar.swift */ = {isa = PBXFileReference; lastKnownFileType = sourcecode.swift; path = PreferencesSidebar.swift; sourceTree = "<group>"; };
		2EBDE3CA858E889BEDB0DC56 /* HarnessSessionModels.swift */ = {isa = PBXFileReference; lastKnownFileType = sourcecode.swift; path = HarnessSessionModels.swift; sourceTree = "<group>"; };
		2F5A5307075662697821D56A /* SidebarSessionRow.swift */ = {isa = PBXFileReference; lastKnownFileType = sourcecode.swift; path = SidebarSessionRow.swift; sourceTree = "<group>"; };
		2F8F233D8A2877105C88C050 /* WebSocketProtocol.swift */ = {isa = PBXFileReference; lastKnownFileType = sourcecode.swift; path = WebSocketProtocol.swift; sourceTree = "<group>"; };
		316509CF0D8EF69C2ABE6C90 /* HarnessStoreSelectionTests.swift */ = {isa = PBXFileReference; lastKnownFileType = sourcecode.swift; path = HarnessStoreSelectionTests.swift; sourceTree = "<group>"; };
		331F53800549FA6925EBBE05 /* DaemonModelsTests.swift */ = {isa = PBXFileReference; lastKnownFileType = sourcecode.swift; path = DaemonModelsTests.swift; sourceTree = "<group>"; };
		33777903FC6DD23DB9C9A8AD /* HarnessGlassContrastUITests.swift */ = {isa = PBXFileReference; lastKnownFileType = sourcecode.swift; path = HarnessGlassContrastUITests.swift; sourceTree = "<group>"; };
		35BB3F2082CFF67A05FA4070 /* ServerSentEvents.swift */ = {isa = PBXFileReference; lastKnownFileType = sourcecode.swift; path = ServerSentEvents.swift; sourceTree = "<group>"; };
		38486867A857A11AAE481A27 /* HarnessStoreActionTests.swift */ = {isa = PBXFileReference; lastKnownFileType = sourcecode.swift; path = HarnessStoreActionTests.swift; sourceTree = "<group>"; };
		3A12FD010F2298DEC9D4C16B /* RecordingHarnessClient+Base.swift */ = {isa = PBXFileReference; lastKnownFileType = sourcecode.swift; path = "RecordingHarnessClient+Base.swift"; sourceTree = "<group>"; };
		3CA1BB33EF78DF81C534CA2D /* ConnectionModels.swift */ = {isa = PBXFileReference; lastKnownFileType = sourcecode.swift; path = ConnectionModels.swift; sourceTree = "<group>"; };
		3F9B56738BF7406983B61F04 /* CachedModels.swift */ = {isa = PBXFileReference; lastKnownFileType = sourcecode.swift; path = CachedModels.swift; sourceTree = "<group>"; };
		4170678C7D900A61CCAC35A7 /* HarnessStore+UserData.swift */ = {isa = PBXFileReference; lastKnownFileType = sourcecode.swift; path = "HarnessStore+UserData.swift"; sourceTree = "<group>"; };
		42644DD649B4B7E98BD9CDF5 /* HarnessStoreInspectorTests.swift */ = {isa = PBXFileReference; lastKnownFileType = sourcecode.swift; path = HarnessStoreInspectorTests.swift; sourceTree = "<group>"; };
		4374719F8DCC16C95C5B2E2E /* HarnessKit.framework */ = {isa = PBXFileReference; explicitFileType = wrapper.framework; includeInIndex = 0; path = HarnessKit.framework; sourceTree = BUILT_PRODUCTS_DIR; };
		44369853FA442981E0F2DE9A /* HarnessGlass.swift */ = {isa = PBXFileReference; lastKnownFileType = sourcecode.swift; path = HarnessGlass.swift; sourceTree = "<group>"; };
		46BE1211445D10F89FB9C1A6 /* DaemonController.swift */ = {isa = PBXFileReference; lastKnownFileType = sourcecode.swift; path = DaemonController.swift; sourceTree = "<group>"; };
		46DC0338E455A98A1851BD61 /* HarnessStoreLifecycleTests.swift */ = {isa = PBXFileReference; lastKnownFileType = sourcecode.swift; path = HarnessStoreLifecycleTests.swift; sourceTree = "<group>"; };
		4844727CB1069182DD494D74 /* HarnessTextSize.swift */ = {isa = PBXFileReference; lastKnownFileType = sourcecode.swift; path = HarnessTextSize.swift; sourceTree = "<group>"; };
		494277EA52BAE78D8CB571E1 /* HarnessStoreConfirmationTests.swift */ = {isa = PBXFileReference; lastKnownFileType = sourcecode.swift; path = HarnessStoreConfirmationTests.swift; sourceTree = "<group>"; };
		49B4D2A3E358B6DF50298832 /* HarnessStore+Filtering.swift */ = {isa = PBXFileReference; lastKnownFileType = sourcecode.swift; path = "HarnessStore+Filtering.swift"; sourceTree = "<group>"; };
		4C893C07CBC03D03E74C7AAC /* SessionCockpitSections.swift */ = {isa = PBXFileReference; lastKnownFileType = sourcecode.swift; path = SessionCockpitSections.swift; sourceTree = "<group>"; };
		4CFFC73ABA5AFF6864BEAA40 /* PreferencesSections.swift */ = {isa = PBXFileReference; lastKnownFileType = sourcecode.swift; path = PreferencesSections.swift; sourceTree = "<group>"; };
		545F62822966454541A69C2E /* HarnessAppStoreFactory.swift */ = {isa = PBXFileReference; lastKnownFileType = sourcecode.swift; path = HarnessAppStoreFactory.swift; sourceTree = "<group>"; };
		59A49785475755F12ED46937 /* HarnessSignalModels.swift */ = {isa = PBXFileReference; lastKnownFileType = sourcecode.swift; path = HarnessSignalModels.swift; sourceTree = "<group>"; };
		59A7085B954488878260AFA1 /* AI Harness.app */ = {isa = PBXFileReference; explicitFileType = wrapper.application; includeInIndex = 0; path = "AI Harness.app"; sourceTree = BUILT_PRODUCTS_DIR; };
		59DEB08AB62416965FC6F948 /* HarnessControls.swift */ = {isa = PBXFileReference; lastKnownFileType = sourcecode.swift; path = HarnessControls.swift; sourceTree = "<group>"; };
		5CE3E372257E39B356743965 /* UserModels.swift */ = {isa = PBXFileReference; lastKnownFileType = sourcecode.swift; path = UserModels.swift; sourceTree = "<group>"; };
		5D44FD74945DB93AAA68A740 /* HarnessAdaptiveGridLayout.swift */ = {isa = PBXFileReference; lastKnownFileType = sourcecode.swift; path = HarnessAdaptiveGridLayout.swift; sourceTree = "<group>"; };
		5F996D0BCEF67740B1357E10 /* HarnessSpinner.swift */ = {isa = PBXFileReference; lastKnownFileType = sourcecode.swift; path = HarnessSpinner.swift; sourceTree = "<group>"; };
		631C9B665A8D2CB19CA8748C /* SessionsBoardView.swift */ = {isa = PBXFileReference; lastKnownFileType = sourcecode.swift; path = SessionsBoardView.swift; sourceTree = "<group>"; };
		649E0E0917E414FA3334A87B /* PreviewServices.swift */ = {isa = PBXFileReference; lastKnownFileType = sourcecode.swift; path = PreviewServices.swift; sourceTree = "<group>"; };
		69418E1189319E7111C26B6A /* PreviewFixtures.swift */ = {isa = PBXFileReference; lastKnownFileType = sourcecode.swift; path = PreviewFixtures.swift; sourceTree = "<group>"; };
		6A3B410E043E5A4DD15ABAB3 /* ObserverSummaryTests.swift */ = {isa = PBXFileReference; lastKnownFileType = sourcecode.swift; path = ObserverSummaryTests.swift; sourceTree = "<group>"; };
		6B27C51116FA17FE08575C93 /* HarnessStoreNavigationTests.swift */ = {isa = PBXFileReference; lastKnownFileType = sourcecode.swift; path = HarnessStoreNavigationTests.swift; sourceTree = "<group>"; };
		6D485A89FA04846FAD1BC0AC /* HarnessRequests.swift */ = {isa = PBXFileReference; lastKnownFileType = sourcecode.swift; path = HarnessRequests.swift; sourceTree = "<group>"; };
		70C79D72EA5AB7EA5EEC94DD /* HarnessStore.swift */ = {isa = PBXFileReference; lastKnownFileType = sourcecode.swift; path = HarnessStore.swift; sourceTree = "<group>"; };
		716F4C5B3E48B239E096F728 /* HarnessStoreTests.swift */ = {isa = PBXFileReference; lastKnownFileType = sourcecode.swift; path = HarnessStoreTests.swift; sourceTree = "<group>"; };
		72836BCB115319002391E32E /* InspectorSupportViews.swift */ = {isa = PBXFileReference; lastKnownFileType = sourcecode.swift; path = InspectorSupportViews.swift; sourceTree = "<group>"; };
		741F546364BFFE721C02E7A1 /* HarnessActionTestSupport.swift */ = {isa = PBXFileReference; lastKnownFileType = sourcecode.swift; path = HarnessActionTestSupport.swift; sourceTree = "<group>"; };
		74B7689F9A126003B047298C /* SidebarSessionList.swift */ = {isa = PBXFileReference; lastKnownFileType = sourcecode.swift; path = SidebarSessionList.swift; sourceTree = "<group>"; };
		7AD9E7386C4C61747C1EC3B3 /* SidebarView.swift */ = {isa = PBXFileReference; lastKnownFileType = sourcecode.swift; path = SidebarView.swift; sourceTree = "<group>"; };
		7D8C88A9BB5AEF740AA23F3F /* HarnessKitTests.xctest */ = {isa = PBXFileReference; explicitFileType = wrapper.cfbundle; includeInIndex = 0; path = HarnessKitTests.xctest; sourceTree = BUILT_PRODUCTS_DIR; };
		7FF5099416E2313EA7FA9996 /* HarnessAPIClient.swift */ = {isa = PBXFileReference; lastKnownFileType = sourcecode.swift; path = HarnessAPIClient.swift; sourceTree = "<group>"; };
		817EC34201EF1909A68B2329 /* HarnessStore+Lifecycle.swift */ = {isa = PBXFileReference; lastKnownFileType = sourcecode.swift; path = "HarnessStore+Lifecycle.swift"; sourceTree = "<group>"; };
		836776F87F6CAA6F17CDCCEE /* InspectorActionSections.swift */ = {isa = PBXFileReference; lastKnownFileType = sourcecode.swift; path = InspectorActionSections.swift; sourceTree = "<group>"; };
		84EE7B0AA68201D0322A3871 /* HarnessPixelAnalysis.swift */ = {isa = PBXFileReference; lastKnownFileType = sourcecode.swift; path = HarnessPixelAnalysis.swift; sourceTree = "<group>"; };
		8680C2C216DF42B2A1A31307 /* Assets.xcassets */ = {isa = PBXFileReference; lastKnownFileType = folder.assetcatalog; path = Assets.xcassets; sourceTree = "<group>"; };
		870C8D83BB16C499524663A0 /* RecordingHarnessClient+Mutations.swift */ = {isa = PBXFileReference; lastKnownFileType = sourcecode.swift; path = "RecordingHarnessClient+Mutations.swift"; sourceTree = "<group>"; };
		89AF1C6F12AE7BC56410499B /* HarnessToolbarUITests.swift */ = {isa = PBXFileReference; lastKnownFileType = sourcecode.swift; path = HarnessToolbarUITests.swift; sourceTree = "<group>"; };
		8A86CF4E176E9E2EE606F594 /* WebSocketTransport.swift */ = {isa = PBXFileReference; lastKnownFileType = sourcecode.swift; path = WebSocketTransport.swift; sourceTree = "<group>"; };
		8CD18C0829A58E01027D4CD7 /* PreferencesConnectionCard.swift */ = {isa = PBXFileReference; lastKnownFileType = sourcecode.swift; path = PreferencesConnectionCard.swift; sourceTree = "<group>"; };
		8E45E153F8123DBBE607C2BB /* PreferencesView.swift */ = {isa = PBXFileReference; lastKnownFileType = sourcecode.swift; path = PreferencesView.swift; sourceTree = "<group>"; };
		919D22F077EA7CF943F5470E /* HarnessPaths.swift */ = {isa = PBXFileReference; lastKnownFileType = sourcecode.swift; path = HarnessPaths.swift; sourceTree = "<group>"; };
		930BF6794F8793E090B64FA1 /* CachedModelsDetailTests.swift */ = {isa = PBXFileReference; lastKnownFileType = sourcecode.swift; path = CachedModelsDetailTests.swift; sourceTree = "<group>"; };
		97AF81AA23491748D21BE3CE /* SwiftData.framework */ = {isa = PBXFileReference; lastKnownFileType = wrapper.framework; name = SwiftData.framework; path = System/Library/Frameworks/SwiftData.framework; sourceTree = SDKROOT; };
		97D5BE902F74FC91E22108BE /* HarnessStore+Persistence.swift */ = {isa = PBXFileReference; lastKnownFileType = sourcecode.swift; path = "HarnessStore+Persistence.swift"; sourceTree = "<group>"; };
		99448AA1DC4783EE686FFDBE /* HarnessModelContainer.swift */ = {isa = PBXFileReference; lastKnownFileType = sourcecode.swift; path = HarnessModelContainer.swift; sourceTree = "<group>"; };
		9998D7E02B6815476BFC4623 /* SessionsBoardOnboardingCard.swift */ = {isa = PBXFileReference; lastKnownFileType = sourcecode.swift; path = SessionsBoardOnboardingCard.swift; sourceTree = "<group>"; };
		A11BF8681FC8D89A9FB2A628 /* HarnessUITestAccessibility.swift */ = {isa = PBXFileReference; lastKnownFileType = sourcecode.swift; path = HarnessUITestAccessibility.swift; sourceTree = "<group>"; };
		A2BB5D00EACA37A00FF55A34 /* HarnessStoreFilteringTests.swift */ = {isa = PBXFileReference; lastKnownFileType = sourcecode.swift; path = HarnessStoreFilteringTests.swift; sourceTree = "<group>"; };
		A309E37EF93D4AD1E6886205 /* HarnessLayoutUITests.swift */ = {isa = PBXFileReference; lastKnownFileType = sourcecode.swift; path = HarnessLayoutUITests.swift; sourceTree = "<group>"; };
		A3DFA9160004A175AACFC8E3 /* ConnectionViews.swift */ = {isa = PBXFileReference; lastKnownFileType = sourcecode.swift; path = ConnectionViews.swift; sourceTree = "<group>"; };
		A62226DF2875BDAF631D1622 /* HarnessUITests.swift */ = {isa = PBXFileReference; lastKnownFileType = sourcecode.swift; path = HarnessUITests.swift; sourceTree = "<group>"; };
		A928853A647AF778A4D217A8 /* ContentView.swift */ = {isa = PBXFileReference; lastKnownFileType = sourcecode.swift; path = ContentView.swift; sourceTree = "<group>"; };
		ACDEFEB6A14B32143E436643 /* HarnessTheme.swift */ = {isa = PBXFileReference; lastKnownFileType = sourcecode.swift; path = HarnessTheme.swift; sourceTree = "<group>"; };
		AEA42BE2636FC97FC00738F6 /* SessionsBoardRecentSessionsSection.swift */ = {isa = PBXFileReference; lastKnownFileType = sourcecode.swift; path = SessionsBoardRecentSessionsSection.swift; sourceTree = "<group>"; };
		B031D618E459C9C3A3102382 /* HarnessStore+Actions.swift */ = {isa = PBXFileReference; lastKnownFileType = sourcecode.swift; path = "HarnessStore+Actions.swift"; sourceTree = "<group>"; };
		B28345325F1C37AC897A9E7C /* HarnessApp.swift */ = {isa = PBXFileReference; lastKnownFileType = sourcecode.swift; path = HarnessApp.swift; sourceTree = "<group>"; };
		B70301F10B50DD3835036733 /* HarnessUITests.xctest */ = {isa = PBXFileReference; explicitFileType = wrapper.cfbundle; includeInIndex = 0; path = HarnessUITests.xctest; sourceTree = BUILT_PRODUCTS_DIR; };
		B744DFF0B52DD0B781934EB4 /* DaemonModels.swift */ = {isa = PBXFileReference; lastKnownFileType = sourcecode.swift; path = DaemonModels.swift; sourceTree = "<group>"; };
		BC99D6A2720C13E1EFED711B /* SessionCockpitHeaderCard.swift */ = {isa = PBXFileReference; lastKnownFileType = sourcecode.swift; path = SessionCockpitHeaderCard.swift; sourceTree = "<group>"; };
		BF77DABC57AE717CEA851E09 /* SessionCockpitView.swift */ = {isa = PBXFileReference; lastKnownFileType = sourcecode.swift; path = SessionCockpitView.swift; sourceTree = "<group>"; };
		C4246654FB506DFC2878921C /* HarnessUITestAssertions.swift */ = {isa = PBXFileReference; lastKnownFileType = sourcecode.swift; path = HarnessUITestAssertions.swift; sourceTree = "<group>"; };
		C970D0D5CA90B5AC6BC013A8 /* AI Harness UI Testing.app */ = {isa = PBXFileReference; explicitFileType = wrapper.application; includeInIndex = 0; path = "AI Harness UI Testing.app"; sourceTree = BUILT_PRODUCTS_DIR; };
		CA2AD797BA99C7BBA1C9D716 /* SessionActionDock.swift */ = {isa = PBXFileReference; lastKnownFileType = sourcecode.swift; path = SessionActionDock.swift; sourceTree = "<group>"; };
		CA807E80E1B7F428A2C01D14 /* HarnessUITestSupport.swift */ = {isa = PBXFileReference; lastKnownFileType = sourcecode.swift; path = HarnessUITestSupport.swift; sourceTree = "<group>"; };
		CB1BDE814259DE0C1875CE23 /* InspectorColumnView.swift */ = {isa = PBXFileReference; lastKnownFileType = sourcecode.swift; path = InspectorColumnView.swift; sourceTree = "<group>"; };
		CCDE7B6C154033AF1CF627DC /* SessionCockpitActivitySections.swift */ = {isa = PBXFileReference; lastKnownFileType = sourcecode.swift; path = SessionCockpitActivitySections.swift; sourceTree = "<group>"; };
		D3C170B54985778D0FC29612 /* ConnectionModelsTests.swift */ = {isa = PBXFileReference; lastKnownFileType = sourcecode.swift; path = ConnectionModelsTests.swift; sourceTree = "<group>"; };
		D65C51E1956B59CB8705876C /* HarnessSidebarLayoutUITests.swift */ = {isa = PBXFileReference; lastKnownFileType = sourcecode.swift; path = HarnessSidebarLayoutUITests.swift; sourceTree = "<group>"; };
		D88530D0BE973FFED62BE662 /* PreferencesRecentEventsCard.swift */ = {isa = PBXFileReference; lastKnownFileType = sourcecode.swift; path = PreferencesRecentEventsCard.swift; sourceTree = "<group>"; };
		DAB9165164CB817373A8A141 /* HarnessStore+ConnectionTelemetry.swift */ = {isa = PBXFileReference; lastKnownFileType = sourcecode.swift; path = "HarnessStore+ConnectionTelemetry.swift"; sourceTree = "<group>"; };
		E24C47B941FF4D85E826D90A /* PersistenceIntegrationTests.swift */ = {isa = PBXFileReference; lastKnownFileType = sourcecode.swift; path = PersistenceIntegrationTests.swift; sourceTree = "<group>"; };
		E415E72596CC984D3DFEBCF7 /* HarnessStoreTestFixtures.swift */ = {isa = PBXFileReference; lastKnownFileType = sourcecode.swift; path = HarnessStoreTestFixtures.swift; sourceTree = "<group>"; };
		E90C65B82956326E40FD0C97 /* HarnessWrapLayout.swift */ = {isa = PBXFileReference; lastKnownFileType = sourcecode.swift; path = HarnessWrapLayout.swift; sourceTree = "<group>"; };
		F110E55B97B9183E6AF90F59 /* ContentSessionSurface.swift */ = {isa = PBXFileReference; lastKnownFileType = sourcecode.swift; path = ContentSessionSurface.swift; sourceTree = "<group>"; };
		F4FFB9D6E2B1A61A65341DEF /* DaemonStatusCard.swift */ = {isa = PBXFileReference; lastKnownFileType = sourcecode.swift; path = DaemonStatusCard.swift; sourceTree = "<group>"; };
		F61F42B1737B0D9A86E6E1FC /* WebSocketTransportInternal.swift */ = {isa = PBXFileReference; lastKnownFileType = sourcecode.swift; path = WebSocketTransportInternal.swift; sourceTree = "<group>"; };
		FB55092F5E9979C33573B969 /* HarnessNavigationUITests.swift */ = {isa = PBXFileReference; lastKnownFileType = sourcecode.swift; path = HarnessNavigationUITests.swift; sourceTree = "<group>"; };
		FD4755A998FF5F9273471465 /* HarnessStore+Selection.swift */ = {isa = PBXFileReference; lastKnownFileType = sourcecode.swift; path = "HarnessStore+Selection.swift"; sourceTree = "<group>"; };
/* End PBXFileReference section */

/* Begin PBXFrameworksBuildPhase section */
		012A104627F6069549FB6AA7 /* Frameworks */ = {
			isa = PBXFrameworksBuildPhase;
			buildActionMask = 2147483647;
			files = (
				84C976D060ED31EDCD0F86CA /* HarnessKit.framework in Frameworks */,
			);
			runOnlyForDeploymentPostprocessing = 0;
		};
		640D732B926549C870C11D4A /* Frameworks */ = {
			isa = PBXFrameworksBuildPhase;
			buildActionMask = 2147483647;
			files = (
				DD4BB24E06722A387BDC0682 /* SwiftData.framework in Frameworks */,
			);
			runOnlyForDeploymentPostprocessing = 0;
		};
		A04CB6BEF6E749DCF6CC6DF6 /* Frameworks */ = {
			isa = PBXFrameworksBuildPhase;
			buildActionMask = 2147483647;
			files = (
				AB5BEE5574C93AF1DDDC4C6E /* HarnessKit.framework in Frameworks */,
			);
			runOnlyForDeploymentPostprocessing = 0;
		};
		F99569005EC31945742B91FB /* Frameworks */ = {
			isa = PBXFrameworksBuildPhase;
			buildActionMask = 2147483647;
			files = (
				2EAAFC19DD7C3B4FB20FEE6B /* HarnessKit.framework in Frameworks */,
			);
			runOnlyForDeploymentPostprocessing = 0;
		};
/* End PBXFrameworksBuildPhase section */

/* Begin PBXGroup section */
		24DE082FB5FD9EBF75602C3E /* Products */ = {
			isa = PBXGroup;
			children = (
				C970D0D5CA90B5AC6BC013A8 /* AI Harness UI Testing.app */,
				59A7085B954488878260AFA1 /* AI Harness.app */,
				4374719F8DCC16C95C5B2E2E /* HarnessKit.framework */,
				7D8C88A9BB5AEF740AA23F3F /* HarnessKitTests.xctest */,
				B70301F10B50DD3835036733 /* HarnessUITests.xctest */,
			);
			name = Products;
			sourceTree = "<group>";
		};
		364745F6915A47CD163BDD69 /* Harness */ = {
			isa = PBXGroup;
			children = (
				8680C2C216DF42B2A1A31307 /* Assets.xcassets */,
				3D60989B00F0C81BDC193026 /* App */,
				6B414D01D7FCE8830E9415AF /* Theme */,
				DB9C4D48CF3E2312140C7961 /* Views */,
			);
			path = Harness;
			sourceTree = "<group>";
		};
		3D60989B00F0C81BDC193026 /* App */ = {
			isa = PBXGroup;
			children = (
				25E4352CA7C16E3C644348CB /* HarnessAccessibility.swift */,
				B28345325F1C37AC897A9E7C /* HarnessApp.swift */,
				545F62822966454541A69C2E /* HarnessAppStoreFactory.swift */,
			);
			path = App;
			sourceTree = "<group>";
		};
		6B414D01D7FCE8830E9415AF /* Theme */ = {
			isa = PBXGroup;
			children = (
				0067CE6912ACF4B153167855 /* HarnessFormatters.swift */,
				44369853FA442981E0F2DE9A /* HarnessGlass.swift */,
				4844727CB1069182DD494D74 /* HarnessTextSize.swift */,
				ACDEFEB6A14B32143E436643 /* HarnessTheme.swift */,
			);
			path = Theme;
			sourceTree = "<group>";
		};
		8EF171AB87658BCC16BD8942 /* Frameworks */ = {
			isa = PBXGroup;
			children = (
				97AF81AA23491748D21BE3CE /* SwiftData.framework */,
			);
			name = Frameworks;
			sourceTree = "<group>";
		};
		9553FBBF2C9726BA726116F0 /* HarnessKitTests */ = {
			isa = PBXGroup;
			children = (
				930BF6794F8793E090B64FA1 /* CachedModelsDetailTests.swift */,
				04027AC283E664B98932551F /* CachedModelsTests.swift */,
				D3C170B54985778D0FC29612 /* ConnectionModelsTests.swift */,
				331F53800549FA6925EBBE05 /* DaemonModelsTests.swift */,
				741F546364BFFE721C02E7A1 /* HarnessActionTestSupport.swift */,
				084125DFBAC988E0391BC89D /* HarnessLaunchModeTests.swift */,
				1D5E5B986B65E5C6DC56C27F /* HarnessPathsTests.swift */,
				38486867A857A11AAE481A27 /* HarnessStoreActionTests.swift */,
				494277EA52BAE78D8CB571E1 /* HarnessStoreConfirmationTests.swift */,
				0A8072E340A4641D9BA3DC81 /* HarnessStoreConnectionMetricsTests.swift */,
				A2BB5D00EACA37A00FF55A34 /* HarnessStoreFilteringTests.swift */,
				42644DD649B4B7E98BD9CDF5 /* HarnessStoreInspectorTests.swift */,
				46DC0338E455A98A1851BD61 /* HarnessStoreLifecycleTests.swift */,
				6B27C51116FA17FE08575C93 /* HarnessStoreNavigationTests.swift */,
				316509CF0D8EF69C2ABE6C90 /* HarnessStoreSelectionTests.swift */,
				E415E72596CC984D3DFEBCF7 /* HarnessStoreTestFixtures.swift */,
				716F4C5B3E48B239E096F728 /* HarnessStoreTests.swift */,
				6A3B410E043E5A4DD15ABAB3 /* ObserverSummaryTests.swift */,
				E24C47B941FF4D85E826D90A /* PersistenceIntegrationTests.swift */,
				3A12FD010F2298DEC9D4C16B /* RecordingHarnessClient+Base.swift */,
				870C8D83BB16C499524663A0 /* RecordingHarnessClient+Mutations.swift */,
				0DC35F7DD6E1A28ED82D2E9C /* ServerSentEventsTests.swift */,
				28B7A538D1E254D4CA1B750A /* WebSocketProtocolTests.swift */,
			);
			path = HarnessKitTests;
			sourceTree = "<group>";
		};
		A43490DB88A7CF0FFCBCE298 /* Stores */ = {
			isa = PBXGroup;
			children = (
				70C79D72EA5AB7EA5EEC94DD /* HarnessStore.swift */,
				B031D618E459C9C3A3102382 /* HarnessStore+Actions.swift */,
				DAB9165164CB817373A8A141 /* HarnessStore+ConnectionTelemetry.swift */,
				49B4D2A3E358B6DF50298832 /* HarnessStore+Filtering.swift */,
				817EC34201EF1909A68B2329 /* HarnessStore+Lifecycle.swift */,
				97D5BE902F74FC91E22108BE /* HarnessStore+Persistence.swift */,
				FD4755A998FF5F9273471465 /* HarnessStore+Selection.swift */,
				4170678C7D900A61CCAC35A7 /* HarnessStore+UserData.swift */,
			);
			path = Stores;
			sourceTree = "<group>";
		};
		AC2AA100B1BFBB42E2682C34 /* Persistence */ = {
			isa = PBXGroup;
			children = (
				3F9B56738BF7406983B61F04 /* CachedModels.swift */,
				99448AA1DC4783EE686FFDBE /* HarnessModelContainer.swift */,
				2A140CF1CFA2188EB40C0C66 /* HarnessSchema.swift */,
				05730B447E14BD87E583121C /* ModelConversion.swift */,
				2727208CD882DD44B1B21C56 /* ModelConversion+Detail.swift */,
				5CE3E372257E39B356743965 /* UserModels.swift */,
			);
			path = Persistence;
			sourceTree = "<group>";
		};
		B7CEE67A5E313B9DFA44FFAF /* API */ = {
			isa = PBXGroup;
			children = (
				46BE1211445D10F89FB9C1A6 /* DaemonController.swift */,
				7FF5099416E2313EA7FA9996 /* HarnessAPIClient.swift */,
				35BB3F2082CFF67A05FA4070 /* ServerSentEvents.swift */,
				2F8F233D8A2877105C88C050 /* WebSocketProtocol.swift */,
				8A86CF4E176E9E2EE606F594 /* WebSocketTransport.swift */,
				F61F42B1737B0D9A86E6E1FC /* WebSocketTransportInternal.swift */,
			);
			path = API;
			sourceTree = "<group>";
		};
		B8CFD9A2F9C5DDA979359532 /* Tests */ = {
			isa = PBXGroup;
			children = (
				9553FBBF2C9726BA726116F0 /* HarnessKitTests */,
				F08AEEA161877A56EA6063A2 /* HarnessUITests */,
			);
			path = Tests;
			sourceTree = "<group>";
		};
		D1B1FA9BF9082A656E645B3A = {
			isa = PBXGroup;
			children = (
				FC7DCD33B63820188A527073 /* Sources */,
				B8CFD9A2F9C5DDA979359532 /* Tests */,
				8EF171AB87658BCC16BD8942 /* Frameworks */,
				24DE082FB5FD9EBF75602C3E /* Products */,
			);
			sourceTree = "<group>";
		};
		DB9C4D48CF3E2312140C7961 /* Views */ = {
			isa = PBXGroup;
			children = (
				A3DFA9160004A175AACFC8E3 /* ConnectionViews.swift */,
				F110E55B97B9183E6AF90F59 /* ContentSessionSurface.swift */,
				A928853A647AF778A4D217A8 /* ContentView.swift */,
				F4FFB9D6E2B1A61A65341DEF /* DaemonStatusCard.swift */,
				5D44FD74945DB93AAA68A740 /* HarnessAdaptiveGridLayout.swift */,
				037CA58B47266F2DDAC6F2AB /* HarnessColumnScrollView.swift */,
				59DEB08AB62416965FC6F948 /* HarnessControls.swift */,
				5F996D0BCEF67740B1357E10 /* HarnessSpinner.swift */,
				E90C65B82956326E40FD0C97 /* HarnessWrapLayout.swift */,
				836776F87F6CAA6F17CDCCEE /* InspectorActionSections.swift */,
				CB1BDE814259DE0C1875CE23 /* InspectorColumnView.swift */,
				1BD4BDA927E6F219129F0AB8 /* InspectorDetailViews.swift */,
				72836BCB115319002391E32E /* InspectorSupportViews.swift */,
				8CD18C0829A58E01027D4CD7 /* PreferencesConnectionCard.swift */,
				D88530D0BE973FFED62BE662 /* PreferencesRecentEventsCard.swift */,
				4CFFC73ABA5AFF6864BEAA40 /* PreferencesSections.swift */,
				2C8C0154D4D72E006102BE21 /* PreferencesSidebar.swift */,
				8E45E153F8123DBBE607C2BB /* PreferencesView.swift */,
				CA2AD797BA99C7BBA1C9D716 /* SessionActionDock.swift */,
				CCDE7B6C154033AF1CF627DC /* SessionCockpitActivitySections.swift */,
				BC99D6A2720C13E1EFED711B /* SessionCockpitHeaderCard.swift */,
				4C893C07CBC03D03E74C7AAC /* SessionCockpitSections.swift */,
				BF77DABC57AE717CEA851E09 /* SessionCockpitView.swift */,
				9998D7E02B6815476BFC4623 /* SessionsBoardOnboardingCard.swift */,
				AEA42BE2636FC97FC00738F6 /* SessionsBoardRecentSessionsSection.swift */,
				631C9B665A8D2CB19CA8748C /* SessionsBoardView.swift */,
				74B7689F9A126003B047298C /* SidebarSessionList.swift */,
				2F5A5307075662697821D56A /* SidebarSessionRow.swift */,
				7AD9E7386C4C61747C1EC3B3 /* SidebarView.swift */,
			);
			path = Views;
			sourceTree = "<group>";
		};
		DF77A51F15D0930B8B507A30 /* HarnessKit */ = {
			isa = PBXGroup;
			children = (
				B7CEE67A5E313B9DFA44FFAF /* API */,
				E3B27C816F228997B0768F2F /* Models */,
				AC2AA100B1BFBB42E2682C34 /* Persistence */,
				A43490DB88A7CF0FFCBCE298 /* Stores */,
				F79BCB6D019A14785FC80F32 /* Support */,
			);
			path = HarnessKit;
			sourceTree = "<group>";
		};
		E3B27C816F228997B0768F2F /* Models */ = {
			isa = PBXGroup;
			children = (
				3CA1BB33EF78DF81C534CA2D /* ConnectionModels.swift */,
				B744DFF0B52DD0B781934EB4 /* DaemonModels.swift */,
				6D485A89FA04846FAD1BC0AC /* HarnessRequests.swift */,
				2EBDE3CA858E889BEDB0DC56 /* HarnessSessionModels.swift */,
				59A49785475755F12ED46937 /* HarnessSignalModels.swift */,
			);
			path = Models;
			sourceTree = "<group>";
		};
		F08AEEA161877A56EA6063A2 /* HarnessUITests */ = {
			isa = PBXGroup;
			children = (
				33777903FC6DD23DB9C9A8AD /* HarnessGlassContrastUITests.swift */,
				A309E37EF93D4AD1E6886205 /* HarnessLayoutUITests.swift */,
				FB55092F5E9979C33573B969 /* HarnessNavigationUITests.swift */,
				84EE7B0AA68201D0322A3871 /* HarnessPixelAnalysis.swift */,
				D65C51E1956B59CB8705876C /* HarnessSidebarLayoutUITests.swift */,
				89AF1C6F12AE7BC56410499B /* HarnessToolbarUITests.swift */,
				A11BF8681FC8D89A9FB2A628 /* HarnessUITestAccessibility.swift */,
				C4246654FB506DFC2878921C /* HarnessUITestAssertions.swift */,
				A62226DF2875BDAF631D1622 /* HarnessUITests.swift */,
				CA807E80E1B7F428A2C01D14 /* HarnessUITestSupport.swift */,
			);
			path = HarnessUITests;
			sourceTree = "<group>";
		};
		F79BCB6D019A14785FC80F32 /* Support */ = {
			isa = PBXGroup;
			children = (
				2705DBA188F215A85B978C82 /* HarnessLaunchMode.swift */,
				919D22F077EA7CF943F5470E /* HarnessPaths.swift */,
				69418E1189319E7111C26B6A /* PreviewFixtures.swift */,
				29ECF95BA22D538C14EB06B7 /* PreviewFixtures+Cockpit.swift */,
				649E0E0917E414FA3334A87B /* PreviewServices.swift */,
			);
			path = Support;
			sourceTree = "<group>";
		};
		FC7DCD33B63820188A527073 /* Sources */ = {
			isa = PBXGroup;
			children = (
				364745F6915A47CD163BDD69 /* Harness */,
				DF77A51F15D0930B8B507A30 /* HarnessKit */,
			);
			path = Sources;
			sourceTree = "<group>";
		};
/* End PBXGroup section */

/* Begin PBXNativeTarget section */
		3943D6DDC773D7BF65FA1D52 /* HarnessKit */ = {
			isa = PBXNativeTarget;
			buildConfigurationList = 2D29848D769513BFCCBFCA4F /* Build configuration list for PBXNativeTarget "HarnessKit" */;
			buildPhases = (
				77866E2CEB53BBEC063499A8 /* Sources */,
				640D732B926549C870C11D4A /* Frameworks */,
			);
			buildRules = (
			);
			dependencies = (
				9357DD9AEA14C1E3F164C1AF /* PBXTargetDependency */,
			);
			name = HarnessKit;
			packageProductDependencies = (
			);
			productName = HarnessKit;
			productReference = 4374719F8DCC16C95C5B2E2E /* HarnessKit.framework */;
			productType = "com.apple.product-type.framework";
		};
		4DB4E153B2D0F284261C336A /* HarnessKitTests */ = {
			isa = PBXNativeTarget;
			buildConfigurationList = 39520906FAAFF10C3C89D7B1 /* Build configuration list for PBXNativeTarget "HarnessKitTests" */;
			buildPhases = (
				9EC14627C513313353FB9823 /* Sources */,
				012A104627F6069549FB6AA7 /* Frameworks */,
				855D8C3B730D03AEDB1A179B /* Embed Frameworks */,
			);
			buildRules = (
			);
			dependencies = (
				1DADDE91A56892B585F8EF84 /* PBXTargetDependency */,
				03D1632D23B5650FD76BFD62 /* PBXTargetDependency */,
			);
			name = HarnessKitTests;
			packageProductDependencies = (
			);
			productName = HarnessKitTests;
			productReference = 7D8C88A9BB5AEF740AA23F3F /* HarnessKitTests.xctest */;
			productType = "com.apple.product-type.bundle.unit-test";
		};
		6200B2B095EE1E8D12039A65 /* AI Harness UI Testing */ = {
			isa = PBXNativeTarget;
			buildConfigurationList = 54A6CCF5A1EA1C7040A6587D /* Build configuration list for PBXNativeTarget "AI Harness UI Testing" */;
			buildPhases = (
				85C792967D8B623ED4863291 /* Sources */,
				DC1BE114294D8739F6711E06 /* Resources */,
				A04CB6BEF6E749DCF6CC6DF6 /* Frameworks */,
				EF4EE9E01C8494804117D705 /* Embed Frameworks */,
				24922E5FF535CD1F43EC199D /* Clear Gatekeeper Metadata */,
			);
			buildRules = (
			);
			dependencies = (
				39FD21206642E127F9AA0010 /* PBXTargetDependency */,
				B8FC86C53CBA179B6C34A17D /* PBXTargetDependency */,
			);
			name = "AI Harness UI Testing";
			packageProductDependencies = (
			);
			productName = "AI Harness UI Testing";
			productReference = C970D0D5CA90B5AC6BC013A8 /* AI Harness UI Testing.app */;
			productType = "com.apple.product-type.application";
		};
		C27DEB2DCB6E1A0871D2F35E /* HarnessUITests */ = {
			isa = PBXNativeTarget;
			buildConfigurationList = EEBB2F5DF790F110106A0B9D /* Build configuration list for PBXNativeTarget "HarnessUITests" */;
			buildPhases = (
				3C3DA515B7BCFC27788B859F /* Sources */,
				2D57BBC9FB4FF94069778E71 /* Clear Gatekeeper Metadata */,
			);
			buildRules = (
			);
			dependencies = (
				1BEF0B417B9EF1E18D3EB0D9 /* PBXTargetDependency */,
				6A6C89AC1438A77A4CC79E63 /* PBXTargetDependency */,
			);
			name = HarnessUITests;
			packageProductDependencies = (
			);
			productName = HarnessUITests;
			productReference = B70301F10B50DD3835036733 /* HarnessUITests.xctest */;
			productType = "com.apple.product-type.bundle.ui-testing";
		};
		DDCA0326293006AD33D6475A /* AI Harness */ = {
			isa = PBXNativeTarget;
			buildConfigurationList = BAE35390118A7F51F9034483 /* Build configuration list for PBXNativeTarget "AI Harness" */;
			buildPhases = (
				FDE9B1306737EF23AD55C54F /* Sources */,
				F3541E7DC7235FBA2C41402F /* Resources */,
				F99569005EC31945742B91FB /* Frameworks */,
				7B0E6358E41E4F528B80DAF5 /* Embed Frameworks */,
				123D582289EF6766F6120088 /* Clear Gatekeeper Metadata */,
			);
			buildRules = (
			);
			dependencies = (
				40F8A18FFCF8F86BF1CF68D9 /* PBXTargetDependency */,
				9D87717EB5FAB1E1C5B1FCE8 /* PBXTargetDependency */,
			);
			name = "AI Harness";
			packageProductDependencies = (
			);
			productName = "AI Harness";
			productReference = 59A7085B954488878260AFA1 /* AI Harness.app */;
			productType = "com.apple.product-type.application";
		};
/* End PBXNativeTarget section */

/* Begin PBXProject section */
		5CC9C00C15337F4FD51DAB02 /* Project object */ = {
			isa = PBXProject;
			attributes = {
				BuildIndependentTargetsInParallel = YES;
				LastUpgradeCheck = 1430;
				TargetAttributes = {
					3943D6DDC773D7BF65FA1D52 = {
						DevelopmentTeam = Q498EB36N4;
						ProvisioningStyle = Automatic;
					};
					4DB4E153B2D0F284261C336A = {
						DevelopmentTeam = Q498EB36N4;
						ProvisioningStyle = Automatic;
					};
					6200B2B095EE1E8D12039A65 = {
						DevelopmentTeam = Q498EB36N4;
						ProvisioningStyle = Automatic;
					};
					C27DEB2DCB6E1A0871D2F35E = {
						DevelopmentTeam = Q498EB36N4;
						ProvisioningStyle = Automatic;
						TestTargetID = 6200B2B095EE1E8D12039A65;
					};
					DDCA0326293006AD33D6475A = {
						DevelopmentTeam = Q498EB36N4;
						ProvisioningStyle = Automatic;
					};
				};
			};
			buildConfigurationList = 940E4049F09ACD9856DA1E57 /* Build configuration list for PBXProject "AI Harness" */;
			developmentRegion = en;
			hasScannedForEncodings = 0;
			knownRegions = (
				Base,
				en,
			);
			mainGroup = D1B1FA9BF9082A656E645B3A;
			minimizedProjectReferenceProxies = 1;
			packageReferences = (
				FBD99D5AA0C8D913E943B1E5 /* XCRemoteSwiftPackageReference "SwiftLintPlugins" */,
			);
			preferredProjectObjectVersion = 77;
			productRefGroup = 24DE082FB5FD9EBF75602C3E /* Products */;
			projectDirPath = "";
			projectRoot = "";
			targets = (
				DDCA0326293006AD33D6475A /* AI Harness */,
				6200B2B095EE1E8D12039A65 /* AI Harness UI Testing */,
				3943D6DDC773D7BF65FA1D52 /* HarnessKit */,
				4DB4E153B2D0F284261C336A /* HarnessKitTests */,
				C27DEB2DCB6E1A0871D2F35E /* HarnessUITests */,
			);
		};
/* End PBXProject section */

/* Begin PBXResourcesBuildPhase section */
		DC1BE114294D8739F6711E06 /* Resources */ = {
			isa = PBXResourcesBuildPhase;
			buildActionMask = 2147483647;
			files = (
				E9343C02BED7FB853C524F9F /* Assets.xcassets in Resources */,
			);
			runOnlyForDeploymentPostprocessing = 0;
		};
		F3541E7DC7235FBA2C41402F /* Resources */ = {
			isa = PBXResourcesBuildPhase;
			buildActionMask = 2147483647;
			files = (
				1D6A07580D25F8603394DCB4 /* Assets.xcassets in Resources */,
			);
			runOnlyForDeploymentPostprocessing = 0;
		};
/* End PBXResourcesBuildPhase section */

/* Begin PBXShellScriptBuildPhase section */
		123D582289EF6766F6120088 /* Clear Gatekeeper Metadata */ = {
			isa = PBXShellScriptBuildPhase;
			alwaysOutOfDate = 1;
			buildActionMask = 2147483647;
			files = (
			);
			inputFileListPaths = (
			);
			inputPaths = (
			);
			name = "Clear Gatekeeper Metadata";
			outputFileListPaths = (
			);
			outputPaths = (
			);
			runOnlyForDeploymentPostprocessing = 0;
			shellPath = /bin/sh;
			shellScript = "strip_attrs() {\n  local target_path=\"$1\"\n  if [ -e \"$target_path\" ]; then\n    /usr/bin/xattr -dr com.apple.provenance \"$target_path\" 2>/dev/null || true\n    /usr/bin/xattr -dr com.apple.quarantine \"$target_path\" 2>/dev/null || true\n  fi\n}\n\nstrip_attrs \"$TARGET_BUILD_DIR/$FULL_PRODUCT_NAME\"\n";
		};
		24922E5FF535CD1F43EC199D /* Clear Gatekeeper Metadata */ = {
			isa = PBXShellScriptBuildPhase;
			alwaysOutOfDate = 1;
			buildActionMask = 2147483647;
			files = (
			);
			inputFileListPaths = (
			);
			inputPaths = (
			);
			name = "Clear Gatekeeper Metadata";
			outputFileListPaths = (
			);
			outputPaths = (
			);
			runOnlyForDeploymentPostprocessing = 0;
			shellPath = /bin/sh;
			shellScript = "strip_attrs() {\n  local target_path=\"$1\"\n  if [ -e \"$target_path\" ]; then\n    /usr/bin/xattr -dr com.apple.provenance \"$target_path\" 2>/dev/null || true\n    /usr/bin/xattr -dr com.apple.quarantine \"$target_path\" 2>/dev/null || true\n  fi\n}\n\nstrip_attrs \"$TARGET_BUILD_DIR/$FULL_PRODUCT_NAME\"\n";
		};
		2D57BBC9FB4FF94069778E71 /* Clear Gatekeeper Metadata */ = {
			isa = PBXShellScriptBuildPhase;
			alwaysOutOfDate = 1;
			buildActionMask = 2147483647;
			files = (
			);
			inputFileListPaths = (
			);
			inputPaths = (
			);
			name = "Clear Gatekeeper Metadata";
			outputFileListPaths = (
			);
			outputPaths = (
			);
			runOnlyForDeploymentPostprocessing = 0;
			shellPath = /bin/sh;
			shellScript = "strip_attrs() {\n  local target_path=\"$1\"\n  if [ -e \"$target_path\" ]; then\n    /usr/bin/xattr -dr com.apple.provenance \"$target_path\" 2>/dev/null || true\n    /usr/bin/xattr -dr com.apple.quarantine \"$target_path\" 2>/dev/null || true\n  fi\n}\n\nstrip_attrs \"$TARGET_BUILD_DIR/$FULL_PRODUCT_NAME\"\n\nfor runner in \"$BUILT_PRODUCTS_DIR\"/*-Runner.app; do\n  if [ -e \"$runner\" ]; then\n    strip_attrs \"$runner\"\n  fi\ndone\n";
		};
/* End PBXShellScriptBuildPhase section */

/* Begin PBXSourcesBuildPhase section */
		3C3DA515B7BCFC27788B859F /* Sources */ = {
			isa = PBXSourcesBuildPhase;
			buildActionMask = 2147483647;
			files = (
				B808CF2FC8DCA63E3D8243F4 /* HarnessGlassContrastUITests.swift in Sources */,
				5F34A58BCE9660203B691112 /* HarnessLayoutUITests.swift in Sources */,
				223914E62E4E2399C6902E9D /* HarnessNavigationUITests.swift in Sources */,
				21AFE0BC2DD14F1A4503EC71 /* HarnessPixelAnalysis.swift in Sources */,
				E8BA568037765497971C47D4 /* HarnessSidebarLayoutUITests.swift in Sources */,
				5AD9595B273754DB01087A99 /* HarnessToolbarUITests.swift in Sources */,
				9BCFFE0CB66E941F66B9362D /* HarnessUITestAccessibility.swift in Sources */,
				763C3706AAE6D0F23C69CF35 /* HarnessUITestAssertions.swift in Sources */,
				79A5C12DB2CC3BD6D4DE4171 /* HarnessUITestSupport.swift in Sources */,
				DC19F2707605CBAC6400E0C4 /* HarnessUITests.swift in Sources */,
			);
			runOnlyForDeploymentPostprocessing = 0;
		};
		77866E2CEB53BBEC063499A8 /* Sources */ = {
			isa = PBXSourcesBuildPhase;
			buildActionMask = 2147483647;
			files = (
				604DFD62A0A312ED14F9D58E /* CachedModels.swift in Sources */,
				3D372FF052C0C644512CFA4E /* ConnectionModels.swift in Sources */,
				B95B5D25341719AC772D782B /* DaemonController.swift in Sources */,
				76BF35766382C4CEA2BCF882 /* DaemonModels.swift in Sources */,
				1376C0A34004F8FB101BDD21 /* HarnessAPIClient.swift in Sources */,
				39EDA980C40836D7ECDBD627 /* HarnessLaunchMode.swift in Sources */,
				66554A5B01A936B51D6C20A0 /* HarnessModelContainer.swift in Sources */,
				1D25EED93C6289D1BFE2341E /* HarnessPaths.swift in Sources */,
				B4C35EAFDF6F81F62DF7226D /* HarnessRequests.swift in Sources */,
				D2AA8BAE0D8F8E788E4DBF4A /* HarnessSchema.swift in Sources */,
				65D484342884C54117C07DF8 /* HarnessSessionModels.swift in Sources */,
				718D10EEDC89D2779F07DEBF /* HarnessSignalModels.swift in Sources */,
				2F27BD8B2B3268781DFCD85A /* HarnessStore+Actions.swift in Sources */,
				2CF8F81DAB2CA61C14AC5D9A /* HarnessStore+ConnectionTelemetry.swift in Sources */,
				FE1619CCC4956DA6AA3C8E36 /* HarnessStore+Filtering.swift in Sources */,
				D24B8AEB7838528076F6895D /* HarnessStore+Lifecycle.swift in Sources */,
				4A09C3CD2DC4B6B6F288AD81 /* HarnessStore+Persistence.swift in Sources */,
				F40F41C5196FC995FB17AB32 /* HarnessStore+Selection.swift in Sources */,
				E8CC1957C4B774CE1FFE991D /* HarnessStore+UserData.swift in Sources */,
				3854DC755AE843CBF2E92EAE /* HarnessStore.swift in Sources */,
				D2DA7A0D8251897ABEA84EBC /* ModelConversion+Detail.swift in Sources */,
				D063E67B02347C3276904A7F /* ModelConversion.swift in Sources */,
				FE1EFCDD81E09E828B37C77B /* PreviewFixtures+Cockpit.swift in Sources */,
				1481270B0B784B20B8071E8A /* PreviewFixtures.swift in Sources */,
				68BDDCACAF39E5ABF18D6D0A /* PreviewServices.swift in Sources */,
				EC9B7C0A0D8924D6E46F392A /* ServerSentEvents.swift in Sources */,
				D54624F8914906A3465C0E43 /* UserModels.swift in Sources */,
				44977926ACB558E5421FAC4D /* WebSocketProtocol.swift in Sources */,
				27ACFA8C77FDFA04E1669D90 /* WebSocketTransport.swift in Sources */,
				60887CA6083751961088C619 /* WebSocketTransportInternal.swift in Sources */,
			);
			runOnlyForDeploymentPostprocessing = 0;
		};
		85C792967D8B623ED4863291 /* Sources */ = {
			isa = PBXSourcesBuildPhase;
			buildActionMask = 2147483647;
			files = (
				9AE72B23AA033ABFD66DB014 /* ConnectionViews.swift in Sources */,
				2F0A241266DB2A7F50F22EFE /* ContentSessionSurface.swift in Sources */,
				17133077F1DD805C568E8010 /* ContentView.swift in Sources */,
				09727B95A46CA6667C21161D /* DaemonStatusCard.swift in Sources */,
				03178A0A7A720414E6D88DBB /* HarnessAccessibility.swift in Sources */,
				E1AE1F634F6EEA61CC0DA765 /* HarnessAdaptiveGridLayout.swift in Sources */,
				4600D29FFE4ED79D48BD5320 /* HarnessApp.swift in Sources */,
				3D5EEAD1AABE2803FEBEB0DD /* HarnessAppStoreFactory.swift in Sources */,
				07A210699600156DE03C98F4 /* HarnessColumnScrollView.swift in Sources */,
				D79076D6798B8D0D7B0D34C9 /* HarnessControls.swift in Sources */,
				185E45BB0370E26B68099F4A /* HarnessFormatters.swift in Sources */,
				639F858BA40F8E71A64B98C2 /* HarnessGlass.swift in Sources */,
				DA644B0E9107BBDFEF33FB39 /* HarnessSpinner.swift in Sources */,
				A7BDF0FB21A849025A8B30D3 /* HarnessTextSize.swift in Sources */,
				9886DAEC397CC7C60D23BF73 /* HarnessTheme.swift in Sources */,
				F334751822AD512B64B0668D /* HarnessWrapLayout.swift in Sources */,
				6184A77CA26B12B0952A32D6 /* InspectorActionSections.swift in Sources */,
				EECE6DC2F93709D73FA68462 /* InspectorColumnView.swift in Sources */,
				EA64BBB0F9ED68ED7E8B5EED /* InspectorDetailViews.swift in Sources */,
				0C1497A810190588E60ADB8B /* InspectorSupportViews.swift in Sources */,
				CAFD82182A986C6A6DFBFFBC /* PreferencesConnectionCard.swift in Sources */,
				27341DCA49AB8CE6B1022A9A /* PreferencesRecentEventsCard.swift in Sources */,
				54516B232D13DF3D423F0409 /* PreferencesSections.swift in Sources */,
				E29E5313489EEACC85F636D9 /* PreferencesSidebar.swift in Sources */,
				2B9D0F76A1C4A530C068BB91 /* PreferencesView.swift in Sources */,
				4D6952BDAAD0CFAA4369CC8D /* SessionActionDock.swift in Sources */,
				5A95F6445A450E0972902F85 /* SessionCockpitActivitySections.swift in Sources */,
				39B6230C6A72A8650F02456A /* SessionCockpitHeaderCard.swift in Sources */,
				258DDE4D5A93525EB41F8C92 /* SessionCockpitSections.swift in Sources */,
				6722EEACEE4F9B835208A4E6 /* SessionCockpitView.swift in Sources */,
				98BEF0FA67ECED7B93BC1549 /* SessionsBoardOnboardingCard.swift in Sources */,
				E5FF8D1D767B4136E53604A7 /* SessionsBoardRecentSessionsSection.swift in Sources */,
				6F27618DDCA3C16588C620DA /* SessionsBoardView.swift in Sources */,
				DBD9512B65640BD4032DC380 /* SidebarSessionList.swift in Sources */,
				25FB667F7F1C311264D91139 /* SidebarSessionRow.swift in Sources */,
				0718BB17309F76DD75F5A717 /* SidebarView.swift in Sources */,
			);
			runOnlyForDeploymentPostprocessing = 0;
		};
		9EC14627C513313353FB9823 /* Sources */ = {
			isa = PBXSourcesBuildPhase;
			buildActionMask = 2147483647;
			files = (
				D41BC53FB82A88076DFC082A /* CachedModelsDetailTests.swift in Sources */,
				3306ACB9F2088B21EF0AD843 /* CachedModelsTests.swift in Sources */,
				BA99CEBC3D216F0F98585164 /* ConnectionModelsTests.swift in Sources */,
				C78631E8F2D7D066FB5BAA2F /* DaemonModelsTests.swift in Sources */,
				1D563E0F8D4855044BCE8EE3 /* HarnessActionTestSupport.swift in Sources */,
				C1DDDDEE1095F979B7F4CA3F /* HarnessLaunchModeTests.swift in Sources */,
				5247DE066AC9E99FB581BC81 /* HarnessPathsTests.swift in Sources */,
				38D6668C2A474095F2439AE7 /* HarnessStoreActionTests.swift in Sources */,
				566C78A3166EE30E156B1AD1 /* HarnessStoreConfirmationTests.swift in Sources */,
				F2A8992A212AEB146D52631C /* HarnessStoreConnectionMetricsTests.swift in Sources */,
				7B8530811B5FF5A4FC63D1A2 /* HarnessStoreFilteringTests.swift in Sources */,
				1DF6EEEFF04023211E167FE2 /* HarnessStoreInspectorTests.swift in Sources */,
				665C601CC61391B4388AF2BE /* HarnessStoreLifecycleTests.swift in Sources */,
				489A905428F8D45224F9AFED /* HarnessStoreNavigationTests.swift in Sources */,
				95C6608755E2A3781104213B /* HarnessStoreSelectionTests.swift in Sources */,
				F8A90BD2439DC6A0A972A6F8 /* HarnessStoreTestFixtures.swift in Sources */,
				15A4FF137E94F2ED0057E616 /* HarnessStoreTests.swift in Sources */,
				43D8BFD848F4574C62F1781E /* ObserverSummaryTests.swift in Sources */,
				2D530BEF1D122EE64826E47F /* PersistenceIntegrationTests.swift in Sources */,
				4362461DC473AC5390626456 /* RecordingHarnessClient+Base.swift in Sources */,
				1D0180EAD809DEB76162F9A0 /* RecordingHarnessClient+Mutations.swift in Sources */,
				DCD4C985E34F8C18CE47621C /* ServerSentEventsTests.swift in Sources */,
				8731493D220DA219BF45DEDF /* WebSocketProtocolTests.swift in Sources */,
			);
			runOnlyForDeploymentPostprocessing = 0;
		};
		FDE9B1306737EF23AD55C54F /* Sources */ = {
			isa = PBXSourcesBuildPhase;
			buildActionMask = 2147483647;
			files = (
				FDCD53DE71BFF7CFE59B81B1 /* ConnectionViews.swift in Sources */,
				E5159E39CD5A9D574F4F1725 /* ContentSessionSurface.swift in Sources */,
				1E914153D0842393D23A209E /* ContentView.swift in Sources */,
				952B77F0949ABA3067BBC8DD /* DaemonStatusCard.swift in Sources */,
				A5626778D3BB15F0FBEE02E6 /* HarnessAccessibility.swift in Sources */,
				DB84F6EC682E3CEE74D7068B /* HarnessAdaptiveGridLayout.swift in Sources */,
				0B98023240CC053545C1640A /* HarnessApp.swift in Sources */,
				F92F4EB58E0A1E63139869B9 /* HarnessAppStoreFactory.swift in Sources */,
				A9C04B1F10D3DEA841604AA3 /* HarnessColumnScrollView.swift in Sources */,
				C9947974D94791F13A20EE1B /* HarnessControls.swift in Sources */,
				5CAAE4E7F5D74F1504C3917A /* HarnessFormatters.swift in Sources */,
				6907FA1DF34481FBE9D7B06B /* HarnessGlass.swift in Sources */,
				53BCC42AF9337B12AE3768B8 /* HarnessSpinner.swift in Sources */,
				9D41078F1F0BD23D22694EA1 /* HarnessTextSize.swift in Sources */,
				005047B7BD1E9459000EAF4C /* HarnessTheme.swift in Sources */,
				70F7E8D235D811E7941AF8BE /* HarnessWrapLayout.swift in Sources */,
				CBB2E5D4955CFAAA1C4F65F0 /* InspectorActionSections.swift in Sources */,
				A861371D0A168EDC90453A53 /* InspectorColumnView.swift in Sources */,
				F3AEB5554F9954E826E55D81 /* InspectorDetailViews.swift in Sources */,
				FA2A0B52A1CEE2D6FDC39AA1 /* InspectorSupportViews.swift in Sources */,
				40845ECF0329E9F0C07756B4 /* PreferencesConnectionCard.swift in Sources */,
				C771C34FEC8A549070893126 /* PreferencesRecentEventsCard.swift in Sources */,
				98EB77BDCBBDAB421F8A76B8 /* PreferencesSections.swift in Sources */,
				649E70DF7E595939707ABB17 /* PreferencesSidebar.swift in Sources */,
				112FBF07FD02576918E77D38 /* PreferencesView.swift in Sources */,
				599CB34EAA0F1FB387EDCB2D /* SessionActionDock.swift in Sources */,
				E14D4CA1F2A60B75A3FF491F /* SessionCockpitActivitySections.swift in Sources */,
				EF9684BCBD4BD07023A740D5 /* SessionCockpitHeaderCard.swift in Sources */,
				E9F1DC61C5B03F8CC0AC90F5 /* SessionCockpitSections.swift in Sources */,
				C30FEE5DF05BD3E48C55AE8B /* SessionCockpitView.swift in Sources */,
				AF8BA7822544491D76F1644E /* SessionsBoardOnboardingCard.swift in Sources */,
				B9A66ADE9B75D40E1C0AF592 /* SessionsBoardRecentSessionsSection.swift in Sources */,
				4C2C4F2A9D0FA5B48B585E7E /* SessionsBoardView.swift in Sources */,
				0CC5EE84810ED05A55BD2663 /* SidebarSessionList.swift in Sources */,
				9A15DF816304AB227F7D9D4A /* SidebarSessionRow.swift in Sources */,
				E7815252100E93A2213A9536 /* SidebarView.swift in Sources */,
			);
			runOnlyForDeploymentPostprocessing = 0;
		};
/* End PBXSourcesBuildPhase section */

/* Begin PBXTargetDependency section */
		03D1632D23B5650FD76BFD62 /* PBXTargetDependency */ = {
			isa = PBXTargetDependency;
			productRef = 475CA5ADD935EC8A69664946 /* SwiftLintBuildToolPlugin */;
		};
		1BEF0B417B9EF1E18D3EB0D9 /* PBXTargetDependency */ = {
			isa = PBXTargetDependency;
			target = 6200B2B095EE1E8D12039A65 /* AI Harness UI Testing */;
			targetProxy = A77E016B905C15579BBCAD34 /* PBXContainerItemProxy */;
		};
		1DADDE91A56892B585F8EF84 /* PBXTargetDependency */ = {
			isa = PBXTargetDependency;
			target = 3943D6DDC773D7BF65FA1D52 /* HarnessKit */;
			targetProxy = CF2BAB420C0A2048A384DC40 /* PBXContainerItemProxy */;
		};
		39FD21206642E127F9AA0010 /* PBXTargetDependency */ = {
			isa = PBXTargetDependency;
			target = 3943D6DDC773D7BF65FA1D52 /* HarnessKit */;
			targetProxy = C199B2628005359FD37117BE /* PBXContainerItemProxy */;
		};
		40F8A18FFCF8F86BF1CF68D9 /* PBXTargetDependency */ = {
			isa = PBXTargetDependency;
			target = 3943D6DDC773D7BF65FA1D52 /* HarnessKit */;
			targetProxy = 454AE9188C7B792FF0E5DF0E /* PBXContainerItemProxy */;
		};
		6A6C89AC1438A77A4CC79E63 /* PBXTargetDependency */ = {
			isa = PBXTargetDependency;
			productRef = 412479A0FB0E7AFB31F29DAF /* SwiftLintBuildToolPlugin */;
		};
		9357DD9AEA14C1E3F164C1AF /* PBXTargetDependency */ = {
			isa = PBXTargetDependency;
			productRef = 458EE9FE355A48BF9009CECC /* SwiftLintBuildToolPlugin */;
		};
		9D87717EB5FAB1E1C5B1FCE8 /* PBXTargetDependency */ = {
			isa = PBXTargetDependency;
			productRef = D65C181F80901C5C9F691A3D /* SwiftLintBuildToolPlugin */;
		};
		B8FC86C53CBA179B6C34A17D /* PBXTargetDependency */ = {
			isa = PBXTargetDependency;
			productRef = CCCDED900AA65ACFD5FA1D81 /* SwiftLintBuildToolPlugin */;
		};
/* End PBXTargetDependency section */

/* Begin XCBuildConfiguration section */
		0126946FFCB62AFE0181E86F /* Release */ = {
			isa = XCBuildConfiguration;
			buildSettings = {
				ASSETCATALOG_COMPILER_APPICON_NAME = AppIcon;
				CODE_SIGN_ENTITLEMENTS = Harness.entitlements;
				CODE_SIGN_STYLE = Automatic;
				COMBINE_HIDPI_IMAGES = YES;
				DEVELOPMENT_TEAM = Q498EB36N4;
				INFOPLIST_KEY_CFBundleDisplayName = "AI Harness";
				INFOPLIST_KEY_CFBundleName = "AI Harness";
				INFOPLIST_KEY_LSApplicationCategoryType = "public.app-category.developer-tools";
				LD_RUNPATH_SEARCH_PATHS = (
					"$(inherited)",
					"@executable_path/../Frameworks",
				);
				MACOSX_DEPLOYMENT_TARGET = 26.0;
				PRODUCT_BUNDLE_IDENTIFIER = "$(HARNESS_APP_BUNDLE_ID)";
				PRODUCT_NAME = "AI Harness";
				SDKROOT = macosx;
			};
			name = Release;
		};
		2AD64BDF649E8694BAC39659 /* Debug */ = {
			isa = XCBuildConfiguration;
			buildSettings = {
				BUNDLE_LOADER = "$(TEST_HOST)";
				CODE_SIGN_STYLE = Automatic;
				COMBINE_HIDPI_IMAGES = YES;
				DEVELOPMENT_TEAM = Q498EB36N4;
				LD_RUNPATH_SEARCH_PATHS = (
					"$(inherited)",
					"@executable_path/Frameworks",
					"@loader_path/Frameworks",
				);
				MACOSX_DEPLOYMENT_TARGET = 26.0;
				PRODUCT_BUNDLE_IDENTIFIER = "io.aiharness.ui-tests";
				SDKROOT = macosx;
				TEST_TARGET_NAME = "AI Harness UI Testing";
			};
			name = Debug;
		};
		7A297BC9124F3D2176A37D3E /* Release */ = {
			isa = XCBuildConfiguration;
			buildSettings = {
				ALWAYS_SEARCH_USER_PATHS = NO;
				CLANG_ANALYZER_NONNULL = YES;
				CLANG_ANALYZER_NUMBER_OBJECT_CONVERSION = YES_AGGRESSIVE;
				CLANG_CXX_LANGUAGE_STANDARD = "gnu++14";
				CLANG_CXX_LIBRARY = "libc++";
				CLANG_ENABLE_MODULES = YES;
				CLANG_ENABLE_OBJC_ARC = YES;
				CLANG_ENABLE_OBJC_WEAK = YES;
				CLANG_TREAT_WARNINGS_AS_ERRORS = YES;
				CLANG_WARN_BLOCK_CAPTURE_AUTORELEASING = YES;
				CLANG_WARN_BOOL_CONVERSION = YES;
				CLANG_WARN_COMMA = YES;
				CLANG_WARN_CONSTANT_CONVERSION = YES;
				CLANG_WARN_DEPRECATED_OBJC_IMPLEMENTATIONS = YES;
				CLANG_WARN_DIRECT_OBJC_ISA_USAGE = YES_ERROR;
				CLANG_WARN_DOCUMENTATION_COMMENTS = YES;
				CLANG_WARN_EMPTY_BODY = YES;
				CLANG_WARN_ENUM_CONVERSION = YES;
				CLANG_WARN_INFINITE_RECURSION = YES;
				CLANG_WARN_INT_CONVERSION = YES;
				CLANG_WARN_NON_LITERAL_NULL_CONVERSION = YES;
				CLANG_WARN_OBJC_IMPLICIT_RETAIN_SELF = YES;
				CLANG_WARN_OBJC_LITERAL_CONVERSION = YES;
				CLANG_WARN_OBJC_ROOT_CLASS = YES_ERROR;
				CLANG_WARN_QUOTED_INCLUDE_IN_FRAMEWORK_HEADER = YES;
				CLANG_WARN_RANGE_LOOP_ANALYSIS = YES;
				CLANG_WARN_STRICT_PROTOTYPES = YES;
				CLANG_WARN_SUSPICIOUS_MOVE = YES;
				CLANG_WARN_UNGUARDED_AVAILABILITY = YES_AGGRESSIVE;
				CLANG_WARN_UNREACHABLE_CODE = YES;
				CLANG_WARN__DUPLICATE_METHOD_MATCH = YES;
				CODE_SIGNING_ALLOWED = YES;
				CODE_SIGN_ALLOW_ENTITLEMENTS_MODIFICATION = YES;
				COPY_PHASE_STRIP = NO;
				DEAD_CODE_STRIPPING = YES;
				DEBUG_INFORMATION_FORMAT = "dwarf-with-dsym";
				ENABLE_HARDENED_RUNTIME = YES;
				ENABLE_NS_ASSERTIONS = NO;
				ENABLE_STRICT_OBJC_MSGSEND = YES;
				GCC_C_LANGUAGE_STANDARD = gnu11;
				GCC_NO_COMMON_BLOCKS = YES;
				GCC_TREAT_WARNINGS_AS_ERRORS = YES;
				GCC_WARN_64_TO_32_BIT_CONVERSION = YES;
				GCC_WARN_ABOUT_RETURN_TYPE = YES_ERROR;
				GCC_WARN_UNDECLARED_SELECTOR = YES;
				GCC_WARN_UNINITIALIZED_AUTOS = YES_AGGRESSIVE;
				GCC_WARN_UNUSED_FUNCTION = YES;
				GCC_WARN_UNUSED_VARIABLE = YES;
				GENERATE_INFOPLIST_FILE = YES;
				HARNESS_APP_BUNDLE_ID = io.aiharness.app;
				MACOSX_DEPLOYMENT_TARGET = 26.0;
				MTL_ENABLE_DEBUG_INFO = NO;
				MTL_FAST_MATH = YES;
				PRODUCT_NAME = "$(TARGET_NAME)";
				SDKROOT = macosx;
				SWIFT_COMPILATION_MODE = wholemodule;
				SWIFT_EMIT_LOC_STRINGS = YES;
				SWIFT_OPTIMIZATION_LEVEL = "-O";
				SWIFT_STRICT_CONCURRENCY = complete;
				SWIFT_TREAT_WARNINGS_AS_ERRORS = YES;
				SWIFT_VERSION = 6.0;
			};
			name = Release;
		};
		90DE230ADB4EB7F9306F3511 /* Release */ = {
			isa = XCBuildConfiguration;
			buildSettings = {
				CODE_SIGNING_ALLOWED = YES;
				CODE_SIGN_IDENTITY = "";
				CODE_SIGN_STYLE = Automatic;
				COMBINE_HIDPI_IMAGES = YES;
				CURRENT_PROJECT_VERSION = 1;
				DEFINES_MODULE = YES;
				DEVELOPMENT_TEAM = Q498EB36N4;
				DYLIB_COMPATIBILITY_VERSION = 1;
				DYLIB_CURRENT_VERSION = 1;
				DYLIB_INSTALL_NAME_BASE = "@rpath";
				ENABLE_MODULE_VERIFIER = YES;
				INSTALL_PATH = "$(LOCAL_LIBRARY_DIR)/Frameworks";
				LD_RUNPATH_SEARCH_PATHS = (
					"$(inherited)",
					"@executable_path/../Frameworks",
				);
				MACOSX_DEPLOYMENT_TARGET = 26.0;
				MODULE_VERIFIER_SUPPORTED_LANGUAGES = "objective-c objective-c++";
				PRODUCT_BUNDLE_IDENTIFIER = io.aiharness.kit;
				SDKROOT = macosx;
				SKIP_INSTALL = YES;
				VERSIONING_SYSTEM = "apple-generic";
			};
			name = Release;
		};
		9D85090293800C489E335ECA /* Release */ = {
			isa = XCBuildConfiguration;
			buildSettings = {
				BUNDLE_LOADER = "$(TEST_HOST)";
				CODE_SIGN_STYLE = Automatic;
				COMBINE_HIDPI_IMAGES = YES;
				DEVELOPMENT_TEAM = Q498EB36N4;
				LD_RUNPATH_SEARCH_PATHS = (
					"$(inherited)",
					"@executable_path/../Frameworks",
					"@loader_path/../Frameworks",
				);
				MACOSX_DEPLOYMENT_TARGET = 26.0;
				PRODUCT_BUNDLE_IDENTIFIER = "io.aiharness.kit-tests";
				SDKROOT = macosx;
			};
			name = Release;
		};
		A658CA7A0D19E7F64202241C /* Release */ = {
			isa = XCBuildConfiguration;
			buildSettings = {
				BUNDLE_LOADER = "$(TEST_HOST)";
				CODE_SIGN_STYLE = Automatic;
				COMBINE_HIDPI_IMAGES = YES;
				DEVELOPMENT_TEAM = Q498EB36N4;
				LD_RUNPATH_SEARCH_PATHS = (
					"$(inherited)",
					"@executable_path/Frameworks",
					"@loader_path/Frameworks",
				);
				MACOSX_DEPLOYMENT_TARGET = 26.0;
				PRODUCT_BUNDLE_IDENTIFIER = "io.aiharness.ui-tests";
				SDKROOT = macosx;
				TEST_TARGET_NAME = "AI Harness UI Testing";
			};
			name = Release;
		};
		A8272DF422B20FDF7CD89EB4 /* Debug */ = {
			isa = XCBuildConfiguration;
			buildSettings = {
				ALWAYS_SEARCH_USER_PATHS = NO;
				CLANG_ANALYZER_NONNULL = YES;
				CLANG_ANALYZER_NUMBER_OBJECT_CONVERSION = YES_AGGRESSIVE;
				CLANG_CXX_LANGUAGE_STANDARD = "gnu++14";
				CLANG_CXX_LIBRARY = "libc++";
				CLANG_ENABLE_MODULES = YES;
				CLANG_ENABLE_OBJC_ARC = YES;
				CLANG_ENABLE_OBJC_WEAK = YES;
				CLANG_TREAT_WARNINGS_AS_ERRORS = YES;
				CLANG_WARN_BLOCK_CAPTURE_AUTORELEASING = YES;
				CLANG_WARN_BOOL_CONVERSION = YES;
				CLANG_WARN_COMMA = YES;
				CLANG_WARN_CONSTANT_CONVERSION = YES;
				CLANG_WARN_DEPRECATED_OBJC_IMPLEMENTATIONS = YES;
				CLANG_WARN_DIRECT_OBJC_ISA_USAGE = YES_ERROR;
				CLANG_WARN_DOCUMENTATION_COMMENTS = YES;
				CLANG_WARN_EMPTY_BODY = YES;
				CLANG_WARN_ENUM_CONVERSION = YES;
				CLANG_WARN_INFINITE_RECURSION = YES;
				CLANG_WARN_INT_CONVERSION = YES;
				CLANG_WARN_NON_LITERAL_NULL_CONVERSION = YES;
				CLANG_WARN_OBJC_IMPLICIT_RETAIN_SELF = YES;
				CLANG_WARN_OBJC_LITERAL_CONVERSION = YES;
				CLANG_WARN_OBJC_ROOT_CLASS = YES_ERROR;
				CLANG_WARN_QUOTED_INCLUDE_IN_FRAMEWORK_HEADER = YES;
				CLANG_WARN_RANGE_LOOP_ANALYSIS = YES;
				CLANG_WARN_STRICT_PROTOTYPES = YES;
				CLANG_WARN_SUSPICIOUS_MOVE = YES;
				CLANG_WARN_UNGUARDED_AVAILABILITY = YES_AGGRESSIVE;
				CLANG_WARN_UNREACHABLE_CODE = YES;
				CLANG_WARN__DUPLICATE_METHOD_MATCH = YES;
				CODE_SIGNING_ALLOWED = YES;
				CODE_SIGN_ALLOW_ENTITLEMENTS_MODIFICATION = YES;
				COPY_PHASE_STRIP = NO;
				DEAD_CODE_STRIPPING = YES;
				DEBUG_INFORMATION_FORMAT = dwarf;
				ENABLE_HARDENED_RUNTIME = YES;
				ENABLE_STRICT_OBJC_MSGSEND = YES;
				ENABLE_TESTABILITY = YES;
				GCC_C_LANGUAGE_STANDARD = gnu11;
				GCC_DYNAMIC_NO_PIC = NO;
				GCC_NO_COMMON_BLOCKS = YES;
				GCC_OPTIMIZATION_LEVEL = 0;
				GCC_PREPROCESSOR_DEFINITIONS = (
					"$(inherited)",
					"DEBUG=1",
				);
				GCC_TREAT_WARNINGS_AS_ERRORS = YES;
				GCC_WARN_64_TO_32_BIT_CONVERSION = YES;
				GCC_WARN_ABOUT_RETURN_TYPE = YES_ERROR;
				GCC_WARN_UNDECLARED_SELECTOR = YES;
				GCC_WARN_UNINITIALIZED_AUTOS = YES_AGGRESSIVE;
				GCC_WARN_UNUSED_FUNCTION = YES;
				GCC_WARN_UNUSED_VARIABLE = YES;
				GENERATE_INFOPLIST_FILE = YES;
				HARNESS_APP_BUNDLE_ID = io.aiharness.app;
				MACOSX_DEPLOYMENT_TARGET = 26.0;
				MTL_ENABLE_DEBUG_INFO = INCLUDE_SOURCE;
				MTL_FAST_MATH = YES;
				ONLY_ACTIVE_ARCH = YES;
				PRODUCT_NAME = "$(TARGET_NAME)";
				SDKROOT = macosx;
				SWIFT_ACTIVE_COMPILATION_CONDITIONS = DEBUG;
				SWIFT_EMIT_LOC_STRINGS = YES;
				SWIFT_OPTIMIZATION_LEVEL = "-Onone";
				SWIFT_STRICT_CONCURRENCY = complete;
				SWIFT_TREAT_WARNINGS_AS_ERRORS = YES;
				SWIFT_VERSION = 6.0;
			};
			name = Debug;
		};
		CCC21D07F13420858EE596F7 /* Debug */ = {
			isa = XCBuildConfiguration;
			buildSettings = {
				BUNDLE_LOADER = "$(TEST_HOST)";
				CODE_SIGN_STYLE = Automatic;
				COMBINE_HIDPI_IMAGES = YES;
				DEVELOPMENT_TEAM = Q498EB36N4;
				LD_RUNPATH_SEARCH_PATHS = (
					"$(inherited)",
					"@executable_path/../Frameworks",
					"@loader_path/../Frameworks",
				);
				MACOSX_DEPLOYMENT_TARGET = 26.0;
				PRODUCT_BUNDLE_IDENTIFIER = "io.aiharness.kit-tests";
				SDKROOT = macosx;
			};
			name = Debug;
		};
		DAD7797AD799D1286DA3E944 /* Debug */ = {
			isa = XCBuildConfiguration;
			buildSettings = {
				ASSETCATALOG_COMPILER_APPICON_NAME = AppIcon;
				CODE_SIGN_ENTITLEMENTS = Harness.entitlements;
				CODE_SIGN_STYLE = Automatic;
				COMBINE_HIDPI_IMAGES = YES;
				DEVELOPMENT_TEAM = Q498EB36N4;
				INFOPLIST_KEY_CFBundleDisplayName = "AI Harness UI Testing";
				INFOPLIST_KEY_CFBundleName = "AI Harness UI Testing";
				INFOPLIST_KEY_LSApplicationCategoryType = "public.app-category.developer-tools";
				LD_RUNPATH_SEARCH_PATHS = (
					"$(inherited)",
					"@executable_path/../Frameworks",
				);
				MACOSX_DEPLOYMENT_TARGET = 26.0;
				PRODUCT_BUNDLE_IDENTIFIER = "io.aiharness.app.ui-testing";
				PRODUCT_NAME = "AI Harness UI Testing";
				SDKROOT = macosx;
			};
			name = Debug;
		};
		DCABC9F072359755AA7EA75B /* Release */ = {
			isa = XCBuildConfiguration;
			buildSettings = {
				ASSETCATALOG_COMPILER_APPICON_NAME = AppIcon;
				CODE_SIGN_ENTITLEMENTS = Harness.entitlements;
				CODE_SIGN_STYLE = Automatic;
				COMBINE_HIDPI_IMAGES = YES;
				DEVELOPMENT_TEAM = Q498EB36N4;
				INFOPLIST_KEY_CFBundleDisplayName = "AI Harness UI Testing";
				INFOPLIST_KEY_CFBundleName = "AI Harness UI Testing";
				INFOPLIST_KEY_LSApplicationCategoryType = "public.app-category.developer-tools";
				LD_RUNPATH_SEARCH_PATHS = (
					"$(inherited)",
					"@executable_path/../Frameworks",
				);
				MACOSX_DEPLOYMENT_TARGET = 26.0;
				PRODUCT_BUNDLE_IDENTIFIER = "io.aiharness.app.ui-testing";
				PRODUCT_NAME = "AI Harness UI Testing";
				SDKROOT = macosx;
			};
			name = Release;
		};
		E5F544E3DFF7E2104A8C477A /* Debug */ = {
			isa = XCBuildConfiguration;
			buildSettings = {
				ASSETCATALOG_COMPILER_APPICON_NAME = AppIcon;
				CODE_SIGN_ENTITLEMENTS = Harness.entitlements;
				CODE_SIGN_STYLE = Automatic;
				COMBINE_HIDPI_IMAGES = YES;
				DEVELOPMENT_TEAM = Q498EB36N4;
				INFOPLIST_KEY_CFBundleDisplayName = "AI Harness";
				INFOPLIST_KEY_CFBundleName = "AI Harness";
				INFOPLIST_KEY_LSApplicationCategoryType = "public.app-category.developer-tools";
				LD_RUNPATH_SEARCH_PATHS = (
					"$(inherited)",
					"@executable_path/../Frameworks",
				);
				MACOSX_DEPLOYMENT_TARGET = 26.0;
				PRODUCT_BUNDLE_IDENTIFIER = "$(HARNESS_APP_BUNDLE_ID)";
				PRODUCT_NAME = "AI Harness";
				SDKROOT = macosx;
			};
			name = Debug;
		};
		FB38B416B3D5DB2D7A0397EF /* Debug */ = {
			isa = XCBuildConfiguration;
			buildSettings = {
				CODE_SIGNING_ALLOWED = YES;
				CODE_SIGN_IDENTITY = "";
				CODE_SIGN_STYLE = Automatic;
				COMBINE_HIDPI_IMAGES = YES;
				CURRENT_PROJECT_VERSION = 1;
				DEFINES_MODULE = YES;
				DEVELOPMENT_TEAM = Q498EB36N4;
				DYLIB_COMPATIBILITY_VERSION = 1;
				DYLIB_CURRENT_VERSION = 1;
				DYLIB_INSTALL_NAME_BASE = "@rpath";
				ENABLE_MODULE_VERIFIER = YES;
				INSTALL_PATH = "$(LOCAL_LIBRARY_DIR)/Frameworks";
				LD_RUNPATH_SEARCH_PATHS = (
					"$(inherited)",
					"@executable_path/../Frameworks",
				);
				MACOSX_DEPLOYMENT_TARGET = 26.0;
				MODULE_VERIFIER_SUPPORTED_LANGUAGES = "objective-c objective-c++";
				PRODUCT_BUNDLE_IDENTIFIER = io.aiharness.kit;
				SDKROOT = macosx;
				SKIP_INSTALL = YES;
				VERSIONING_SYSTEM = "apple-generic";
			};
			name = Debug;
		};
/* End XCBuildConfiguration section */

/* Begin XCConfigurationList section */
		2D29848D769513BFCCBFCA4F /* Build configuration list for PBXNativeTarget "HarnessKit" */ = {
			isa = XCConfigurationList;
			buildConfigurations = (
				FB38B416B3D5DB2D7A0397EF /* Debug */,
				90DE230ADB4EB7F9306F3511 /* Release */,
			);
			defaultConfigurationIsVisible = 0;
			defaultConfigurationName = Debug;
		};
		39520906FAAFF10C3C89D7B1 /* Build configuration list for PBXNativeTarget "HarnessKitTests" */ = {
			isa = XCConfigurationList;
			buildConfigurations = (
				CCC21D07F13420858EE596F7 /* Debug */,
				9D85090293800C489E335ECA /* Release */,
			);
			defaultConfigurationIsVisible = 0;
			defaultConfigurationName = Debug;
		};
		54A6CCF5A1EA1C7040A6587D /* Build configuration list for PBXNativeTarget "AI Harness UI Testing" */ = {
			isa = XCConfigurationList;
			buildConfigurations = (
				DAD7797AD799D1286DA3E944 /* Debug */,
				DCABC9F072359755AA7EA75B /* Release */,
			);
			defaultConfigurationIsVisible = 0;
			defaultConfigurationName = Debug;
		};
		940E4049F09ACD9856DA1E57 /* Build configuration list for PBXProject "AI Harness" */ = {
			isa = XCConfigurationList;
			buildConfigurations = (
				A8272DF422B20FDF7CD89EB4 /* Debug */,
				7A297BC9124F3D2176A37D3E /* Release */,
			);
			defaultConfigurationIsVisible = 0;
			defaultConfigurationName = Debug;
		};
		BAE35390118A7F51F9034483 /* Build configuration list for PBXNativeTarget "AI Harness" */ = {
			isa = XCConfigurationList;
			buildConfigurations = (
				E5F544E3DFF7E2104A8C477A /* Debug */,
				0126946FFCB62AFE0181E86F /* Release */,
			);
			defaultConfigurationIsVisible = 0;
			defaultConfigurationName = Debug;
		};
		EEBB2F5DF790F110106A0B9D /* Build configuration list for PBXNativeTarget "HarnessUITests" */ = {
			isa = XCConfigurationList;
			buildConfigurations = (
				2AD64BDF649E8694BAC39659 /* Debug */,
				A658CA7A0D19E7F64202241C /* Release */,
			);
			defaultConfigurationIsVisible = 0;
			defaultConfigurationName = Debug;
		};
/* End XCConfigurationList section */

/* Begin XCRemoteSwiftPackageReference section */
		FBD99D5AA0C8D913E943B1E5 /* XCRemoteSwiftPackageReference "SwiftLintPlugins" */ = {
			isa = XCRemoteSwiftPackageReference;
			repositoryURL = "https://github.com/SimplyDanny/SwiftLintPlugins";
			requirement = {
				kind = upToNextMajorVersion;
				minimumVersion = 0.58.0;
			};
		};
/* End XCRemoteSwiftPackageReference section */

/* Begin XCSwiftPackageProductDependency section */
		412479A0FB0E7AFB31F29DAF /* SwiftLintBuildToolPlugin */ = {
			isa = XCSwiftPackageProductDependency;
			package = FBD99D5AA0C8D913E943B1E5 /* XCRemoteSwiftPackageReference "SwiftLintPlugins" */;
			productName = "plugin:SwiftLintBuildToolPlugin";
		};
		458EE9FE355A48BF9009CECC /* SwiftLintBuildToolPlugin */ = {
			isa = XCSwiftPackageProductDependency;
			package = FBD99D5AA0C8D913E943B1E5 /* XCRemoteSwiftPackageReference "SwiftLintPlugins" */;
			productName = "plugin:SwiftLintBuildToolPlugin";
		};
		475CA5ADD935EC8A69664946 /* SwiftLintBuildToolPlugin */ = {
			isa = XCSwiftPackageProductDependency;
			package = FBD99D5AA0C8D913E943B1E5 /* XCRemoteSwiftPackageReference "SwiftLintPlugins" */;
			productName = "plugin:SwiftLintBuildToolPlugin";
		};
		CCCDED900AA65ACFD5FA1D81 /* SwiftLintBuildToolPlugin */ = {
			isa = XCSwiftPackageProductDependency;
			package = FBD99D5AA0C8D913E943B1E5 /* XCRemoteSwiftPackageReference "SwiftLintPlugins" */;
			productName = "plugin:SwiftLintBuildToolPlugin";
		};
		D65C181F80901C5C9F691A3D /* SwiftLintBuildToolPlugin */ = {
			isa = XCSwiftPackageProductDependency;
			package = FBD99D5AA0C8D913E943B1E5 /* XCRemoteSwiftPackageReference "SwiftLintPlugins" */;
			productName = "plugin:SwiftLintBuildToolPlugin";
		};
/* End XCSwiftPackageProductDependency section */
	};
	rootObject = 5CC9C00C15337F4FD51DAB02 /* Project object */;
}
